// !$*UTF8*$!
{
	archiveVersion = 1;
	classes = {
	};
	objectVersion = 45;
	objects = {

/* Begin PBXBuildFile section */
		0700FF3012AFBA5F00181E26 /* eval-parse-config.cpp in Sources */ = {isa = PBXBuildFile; fileRef = 0700FF2F12AFBA5F00181E26 /* eval-parse-config.cpp */; };
		07EF424C1296EBFA009E2388 /* eval-abc.cpp in Sources */ = {isa = PBXBuildFile; fileRef = 07EF42311296EBFA009E2388 /* eval-abc.cpp */; };
		07EF424E1296EBFA009E2388 /* eval-cogen-expr.cpp in Sources */ = {isa = PBXBuildFile; fileRef = 07EF42351296EBFA009E2388 /* eval-cogen-expr.cpp */; };
		07EF424F1296EBFA009E2388 /* eval-cogen-stmt.cpp in Sources */ = {isa = PBXBuildFile; fileRef = 07EF42371296EBFA009E2388 /* eval-cogen-stmt.cpp */; };
		07EF42501296EBFA009E2388 /* eval-cogen.cpp in Sources */ = {isa = PBXBuildFile; fileRef = 07EF42381296EBFA009E2388 /* eval-cogen.cpp */; };
		07EF42511296EBFA009E2388 /* eval-compile.cpp in Sources */ = {isa = PBXBuildFile; fileRef = 07EF423A1296EBFA009E2388 /* eval-compile.cpp */; };
		07EF42521296EBFA009E2388 /* eval-lex-xml.cpp in Sources */ = {isa = PBXBuildFile; fileRef = 07EF423D1296EBFA009E2388 /* eval-lex-xml.cpp */; };
		07EF42531296EBFA009E2388 /* eval-lex.cpp in Sources */ = {isa = PBXBuildFile; fileRef = 07EF423E1296EBFA009E2388 /* eval-lex.cpp */; };
		07EF42541296EBFA009E2388 /* eval-parse-expr.cpp in Sources */ = {isa = PBXBuildFile; fileRef = 07EF42401296EBFA009E2388 /* eval-parse-expr.cpp */; };
		07EF42551296EBFA009E2388 /* eval-parse-stmt.cpp in Sources */ = {isa = PBXBuildFile; fileRef = 07EF42421296EBFA009E2388 /* eval-parse-stmt.cpp */; };
		07EF42561296EBFA009E2388 /* eval-parse-xml.cpp in Sources */ = {isa = PBXBuildFile; fileRef = 07EF42431296EBFA009E2388 /* eval-parse-xml.cpp */; };
		07EF42571296EBFA009E2388 /* eval-parse.cpp in Sources */ = {isa = PBXBuildFile; fileRef = 07EF42441296EBFA009E2388 /* eval-parse.cpp */; };
		07EF42581296EBFA009E2388 /* eval-unicode.cpp in Sources */ = {isa = PBXBuildFile; fileRef = 07EF42461296EBFA009E2388 /* eval-unicode.cpp */; };
		07EF42591296EBFA009E2388 /* eval-util.cpp in Sources */ = {isa = PBXBuildFile; fileRef = 07EF42491296EBFA009E2388 /* eval-util.cpp */; };
		07EF425F1296EC22009E2388 /* avmc.cpp in Sources */ = {isa = PBXBuildFile; fileRef = 07EF425D1296EC22009E2388 /* avmc.cpp */; };
		07EF426B1296ED46009E2388 /* ActionBlockConstants.cpp in Sources */ = {isa = PBXBuildFile; fileRef = 07EF42691296ED46009E2388 /* ActionBlockConstants.cpp */; };
/* End PBXBuildFile section */

/* Begin PBXCopyFilesBuildPhase section */
		8DD76F690486A84900D96B5E /* CopyFiles */ = {
			isa = PBXCopyFilesBuildPhase;
			buildActionMask = 8;
			dstPath = /usr/share/man/man1/;
			dstSubfolderSpec = 0;
			files = (
			);
			runOnlyForDeploymentPostprocessing = 1;
		};
/* End PBXCopyFilesBuildPhase section */

/* Begin PBXFileReference section */
		0700FF2F12AFBA5F00181E26 /* eval-parse-config.cpp */ = {isa = PBXFileReference; fileEncoding = 4; lastKnownFileType = sourcecode.cpp.cpp; name = "eval-parse-config.cpp"; path = "../../eval/eval-parse-config.cpp"; sourceTree = SOURCE_ROOT; };
		077F48D912986B10009D9B0F /* generate-keyword-lexer.as */ = {isa = PBXFileReference; fileEncoding = 4; lastKnownFileType = text; name = "generate-keyword-lexer.as"; path = "../../eval/generate-keyword-lexer.as"; sourceTree = SOURCE_ROOT; };
		077F491D12993A0B009D9B0F /* generate-unicode-tables.c */ = {isa = PBXFileReference; fileEncoding = 4; lastKnownFileType = sourcecode.c.c; name = "generate-unicode-tables.c"; path = "../../eval/generate-unicode-tables.c"; sourceTree = SOURCE_ROOT; };
		07EF42301296EBFA009E2388 /* eval-abc-inlines.h */ = {isa = PBXFileReference; fileEncoding = 4; lastKnownFileType = sourcecode.c.h; name = "eval-abc-inlines.h"; path = "../../eval/eval-abc-inlines.h"; sourceTree = SOURCE_ROOT; };
		07EF42311296EBFA009E2388 /* eval-abc.cpp */ = {isa = PBXFileReference; fileEncoding = 4; lastKnownFileType = sourcecode.cpp.cpp; name = "eval-abc.cpp"; path = "../../eval/eval-abc.cpp"; sourceTree = SOURCE_ROOT; };
		07EF42321296EBFA009E2388 /* eval-abc.h */ = {isa = PBXFileReference; fileEncoding = 4; lastKnownFileType = sourcecode.c.h; name = "eval-abc.h"; path = "../../eval/eval-abc.h"; sourceTree = SOURCE_ROOT; };
		07EF42351296EBFA009E2388 /* eval-cogen-expr.cpp */ = {isa = PBXFileReference; fileEncoding = 4; lastKnownFileType = sourcecode.cpp.cpp; name = "eval-cogen-expr.cpp"; path = "../../eval/eval-cogen-expr.cpp"; sourceTree = SOURCE_ROOT; };
		07EF42361296EBFA009E2388 /* eval-cogen-inlines.h */ = {isa = PBXFileReference; fileEncoding = 4; lastKnownFileType = sourcecode.c.h; name = "eval-cogen-inlines.h"; path = "../../eval/eval-cogen-inlines.h"; sourceTree = SOURCE_ROOT; };
		07EF42371296EBFA009E2388 /* eval-cogen-stmt.cpp */ = {isa = PBXFileReference; fileEncoding = 4; lastKnownFileType = sourcecode.cpp.cpp; name = "eval-cogen-stmt.cpp"; path = "../../eval/eval-cogen-stmt.cpp"; sourceTree = SOURCE_ROOT; };
		07EF42381296EBFA009E2388 /* eval-cogen.cpp */ = {isa = PBXFileReference; fileEncoding = 4; lastKnownFileType = sourcecode.cpp.cpp; name = "eval-cogen.cpp"; path = "../../eval/eval-cogen.cpp"; sourceTree = SOURCE_ROOT; };
		07EF42391296EBFA009E2388 /* eval-cogen.h */ = {isa = PBXFileReference; fileEncoding = 4; lastKnownFileType = sourcecode.c.h; name = "eval-cogen.h"; path = "../../eval/eval-cogen.h"; sourceTree = SOURCE_ROOT; };
		07EF423A1296EBFA009E2388 /* eval-compile.cpp */ = {isa = PBXFileReference; fileEncoding = 4; lastKnownFileType = sourcecode.cpp.cpp; name = "eval-compile.cpp"; path = "../../eval/eval-compile.cpp"; sourceTree = SOURCE_ROOT; };
		07EF423B1296EBFA009E2388 /* eval-compile.h */ = {isa = PBXFileReference; fileEncoding = 4; lastKnownFileType = sourcecode.c.h; name = "eval-compile.h"; path = "../../eval/eval-compile.h"; sourceTree = SOURCE_ROOT; };
		07EF423C1296EBFA009E2388 /* eval-lex-inlines.h */ = {isa = PBXFileReference; fileEncoding = 4; lastKnownFileType = sourcecode.c.h; name = "eval-lex-inlines.h"; path = "../../eval/eval-lex-inlines.h"; sourceTree = SOURCE_ROOT; };
		07EF423D1296EBFA009E2388 /* eval-lex-xml.cpp */ = {isa = PBXFileReference; fileEncoding = 4; lastKnownFileType = sourcecode.cpp.cpp; name = "eval-lex-xml.cpp"; path = "../../eval/eval-lex-xml.cpp"; sourceTree = SOURCE_ROOT; };
		07EF423E1296EBFA009E2388 /* eval-lex.cpp */ = {isa = PBXFileReference; fileEncoding = 4; lastKnownFileType = sourcecode.cpp.cpp; name = "eval-lex.cpp"; path = "../../eval/eval-lex.cpp"; sourceTree = SOURCE_ROOT; };
		07EF423F1296EBFA009E2388 /* eval-lex.h */ = {isa = PBXFileReference; fileEncoding = 4; lastKnownFileType = sourcecode.c.h; name = "eval-lex.h"; path = "../../eval/eval-lex.h"; sourceTree = SOURCE_ROOT; };
		07EF42401296EBFA009E2388 /* eval-parse-expr.cpp */ = {isa = PBXFileReference; fileEncoding = 4; lastKnownFileType = sourcecode.cpp.cpp; name = "eval-parse-expr.cpp"; path = "../../eval/eval-parse-expr.cpp"; sourceTree = SOURCE_ROOT; };
		07EF42411296EBFA009E2388 /* eval-parse-inlines.h */ = {isa = PBXFileReference; fileEncoding = 4; lastKnownFileType = sourcecode.c.h; name = "eval-parse-inlines.h"; path = "../../eval/eval-parse-inlines.h"; sourceTree = SOURCE_ROOT; };
		07EF42421296EBFA009E2388 /* eval-parse-stmt.cpp */ = {isa = PBXFileReference; fileEncoding = 4; lastKnownFileType = sourcecode.cpp.cpp; name = "eval-parse-stmt.cpp"; path = "../../eval/eval-parse-stmt.cpp"; sourceTree = SOURCE_ROOT; };
		07EF42431296EBFA009E2388 /* eval-parse-xml.cpp */ = {isa = PBXFileReference; fileEncoding = 4; lastKnownFileType = sourcecode.cpp.cpp; name = "eval-parse-xml.cpp"; path = "../../eval/eval-parse-xml.cpp"; sourceTree = SOURCE_ROOT; };
		07EF42441296EBFA009E2388 /* eval-parse.cpp */ = {isa = PBXFileReference; fileEncoding = 4; lastKnownFileType = sourcecode.cpp.cpp; name = "eval-parse.cpp"; path = "../../eval/eval-parse.cpp"; sourceTree = SOURCE_ROOT; };
		07EF42451296EBFA009E2388 /* eval-parse.h */ = {isa = PBXFileReference; fileEncoding = 4; lastKnownFileType = sourcecode.c.h; name = "eval-parse.h"; path = "../../eval/eval-parse.h"; sourceTree = SOURCE_ROOT; };
		07EF42461296EBFA009E2388 /* eval-unicode.cpp */ = {isa = PBXFileReference; fileEncoding = 4; lastKnownFileType = sourcecode.cpp.cpp; name = "eval-unicode.cpp"; path = "../../eval/eval-unicode.cpp"; sourceTree = SOURCE_ROOT; };
		07EF42471296EBFA009E2388 /* eval-unicode.h */ = {isa = PBXFileReference; fileEncoding = 4; lastKnownFileType = sourcecode.c.h; name = "eval-unicode.h"; path = "../../eval/eval-unicode.h"; sourceTree = SOURCE_ROOT; };
		07EF42481296EBFA009E2388 /* eval-util-inlines.h */ = {isa = PBXFileReference; fileEncoding = 4; lastKnownFileType = sourcecode.c.h; name = "eval-util-inlines.h"; path = "../../eval/eval-util-inlines.h"; sourceTree = SOURCE_ROOT; };
		07EF42491296EBFA009E2388 /* eval-util.cpp */ = {isa = PBXFileReference; fileEncoding = 4; lastKnownFileType = sourcecode.cpp.cpp; name = "eval-util.cpp"; path = "../../eval/eval-util.cpp"; sourceTree = SOURCE_ROOT; };
		07EF424A1296EBFA009E2388 /* eval-util.h */ = {isa = PBXFileReference; fileEncoding = 4; lastKnownFileType = sourcecode.c.h; name = "eval-util.h"; path = "../../eval/eval-util.h"; sourceTree = SOURCE_ROOT; };
		07EF424B1296EBFA009E2388 /* eval.h */ = {isa = PBXFileReference; fileEncoding = 4; lastKnownFileType = sourcecode.c.h; name = eval.h; path = ../../eval/eval.h; sourceTree = SOURCE_ROOT; };
		07EF425D1296EC22009E2388 /* avmc.cpp */ = {isa = PBXFileReference; fileEncoding = 4; lastKnownFileType = sourcecode.cpp.cpp; path = avmc.cpp; sourceTree = "<group>"; };
		07EF425E1296EC22009E2388 /* avmplus.h */ = {isa = PBXFileReference; fileEncoding = 4; lastKnownFileType = sourcecode.c.h; path = avmplus.h; sourceTree = "<group>"; };
		07EF42601296EC3A009E2388 /* backlog.txt */ = {isa = PBXFileReference; fileEncoding = 4; lastKnownFileType = text; name = backlog.txt; path = ../../eval/backlog.txt; sourceTree = SOURCE_ROOT; };
		07EF42611296EC3A009E2388 /* documentation.txt */ = {isa = PBXFileReference; fileEncoding = 4; lastKnownFileType = text; name = documentation.txt; path = ../../eval/documentation.txt; sourceTree = SOURCE_ROOT; };
		07EF42691296ED46009E2388 /* ActionBlockConstants.cpp */ = {isa = PBXFileReference; fileEncoding = 4; lastKnownFileType = sourcecode.cpp.cpp; path = ActionBlockConstants.cpp; sourceTree = "<group>"; };
		07EF426A1296ED46009E2388 /* ActionBlockConstants.h */ = {isa = PBXFileReference; fileEncoding = 4; lastKnownFileType = sourcecode.c.h; path = ActionBlockConstants.h; sourceTree = "<group>"; };
		8DD76F6C0486A84900D96B5E /* avmc */ = {isa = PBXFileReference; explicitFileType = "compiled.mach-o.executable"; includeInIndex = 0; path = avmc; sourceTree = BUILT_PRODUCTS_DIR; };
/* End PBXFileReference section */

/* Begin PBXFrameworksBuildPhase section */
		8DD76F660486A84900D96B5E /* Frameworks */ = {
			isa = PBXFrameworksBuildPhase;
			buildActionMask = 2147483647;
			files = (
			);
			runOnlyForDeploymentPostprocessing = 0;
		};
/* End PBXFrameworksBuildPhase section */

/* Begin PBXGroup section */
		0773E9A71296E6A300CBDD8F /* eval */ = {
			isa = PBXGroup;
			children = (
				07EF42301296EBFA009E2388 /* eval-abc-inlines.h */,
				07EF42311296EBFA009E2388 /* eval-abc.cpp */,
				07EF42321296EBFA009E2388 /* eval-abc.h */,
				07EF42351296EBFA009E2388 /* eval-cogen-expr.cpp */,
				07EF42361296EBFA009E2388 /* eval-cogen-inlines.h */,
				07EF42371296EBFA009E2388 /* eval-cogen-stmt.cpp */,
				07EF42381296EBFA009E2388 /* eval-cogen.cpp */,
				07EF42391296EBFA009E2388 /* eval-cogen.h */,
				07EF423A1296EBFA009E2388 /* eval-compile.cpp */,
				07EF423B1296EBFA009E2388 /* eval-compile.h */,
				07EF423C1296EBFA009E2388 /* eval-lex-inlines.h */,
				07EF423D1296EBFA009E2388 /* eval-lex-xml.cpp */,
				07EF423E1296EBFA009E2388 /* eval-lex.cpp */,
				07EF423F1296EBFA009E2388 /* eval-lex.h */,
				0700FF2F12AFBA5F00181E26 /* eval-parse-config.cpp */,
				07EF42401296EBFA009E2388 /* eval-parse-expr.cpp */,
				07EF42411296EBFA009E2388 /* eval-parse-inlines.h */,
				07EF42421296EBFA009E2388 /* eval-parse-stmt.cpp */,
				07EF42431296EBFA009E2388 /* eval-parse-xml.cpp */,
				07EF42441296EBFA009E2388 /* eval-parse.cpp */,
				07EF42451296EBFA009E2388 /* eval-parse.h */,
				07EF42461296EBFA009E2388 /* eval-unicode.cpp */,
				07EF42471296EBFA009E2388 /* eval-unicode.h */,
				07EF42481296EBFA009E2388 /* eval-util-inlines.h */,
				07EF42491296EBFA009E2388 /* eval-util.cpp */,
				07EF424A1296EBFA009E2388 /* eval-util.h */,
				07EF424B1296EBFA009E2388 /* eval.h */,
			);
			name = eval;
			sourceTree = "<group>";
		};
		077F48D812986AE5009D9B0F /* Scripts */ = {
			isa = PBXGroup;
			children = (
				077F491D12993A0B009D9B0F /* generate-unicode-tables.c */,
				077F48D912986B10009D9B0F /* generate-keyword-lexer.as */,
			);
			name = Scripts;
			sourceTree = "<group>";
		};
		08FB7794FE84155DC02AAC07 /* avmc */ = {
			isa = PBXGroup;
			children = (
				08FB7795FE84155DC02AAC07 /* Source */,
				077F48D812986AE5009D9B0F /* Scripts */,
				C6859E8C029090F304C91782 /* Documentation */,
				1AB674ADFE9D54B511CA2CBB /* Products */,
			);
			name = avmc;
			sourceTree = "<group>";
		};
		08FB7795FE84155DC02AAC07 /* Source */ = {
			isa = PBXGroup;
			children = (
				07EF42691296ED46009E2388 /* ActionBlockConstants.cpp */,
				07EF426A1296ED46009E2388 /* ActionBlockConstants.h */,
				07EF425D1296EC22009E2388 /* avmc.cpp */,
				07EF425E1296EC22009E2388 /* avmplus.h */,
				0773E9A71296E6A300CBDD8F /* eval */,
			);
			name = Source;
			sourceTree = "<group>";
		};
		1AB674ADFE9D54B511CA2CBB /* Products */ = {
			isa = PBXGroup;
			children = (
				8DD76F6C0486A84900D96B5E /* avmc */,
			);
			name = Products;
			sourceTree = "<group>";
		};
		C6859E8C029090F304C91782 /* Documentation */ = {
			isa = PBXGroup;
			children = (
				07EF42601296EC3A009E2388 /* backlog.txt */,
				07EF42611296EC3A009E2388 /* documentation.txt */,
			);
			name = Documentation;
			sourceTree = "<group>";
		};
/* End PBXGroup section */

/* Begin PBXNativeTarget section */
		8DD76F620486A84900D96B5E /* avmc */ = {
			isa = PBXNativeTarget;
			buildConfigurationList = 1DEB923108733DC60010E9CD /* Build configuration list for PBXNativeTarget "avmc" */;
			buildPhases = (
				8DD76F640486A84900D96B5E /* Sources */,
				8DD76F660486A84900D96B5E /* Frameworks */,
				8DD76F690486A84900D96B5E /* CopyFiles */,
			);
			buildRules = (
			);
			dependencies = (
			);
			name = avmc;
			productInstallPath = "$(HOME)/bin";
			productName = avmc;
			productReference = 8DD76F6C0486A84900D96B5E /* avmc */;
			productType = "com.apple.product-type.tool";
		};
/* End PBXNativeTarget section */

/* Begin PBXProject section */
		08FB7793FE84155DC02AAC07 /* Project object */ = {
			isa = PBXProject;
			buildConfigurationList = 1DEB923508733DC60010E9CD /* Build configuration list for PBXProject "avmc" */;
			compatibilityVersion = "Xcode 3.1";
			developmentRegion = English;
			hasScannedForEncodings = 1;
			knownRegions = (
				English,
				Japanese,
				French,
				German,
			);
			mainGroup = 08FB7794FE84155DC02AAC07 /* avmc */;
			projectDirPath = "";
			projectRoot = "";
			targets = (
				8DD76F620486A84900D96B5E /* avmc */,
			);
		};
/* End PBXProject section */

/* Begin PBXSourcesBuildPhase section */
		8DD76F640486A84900D96B5E /* Sources */ = {
			isa = PBXSourcesBuildPhase;
			buildActionMask = 2147483647;
			files = (
				07EF424C1296EBFA009E2388 /* eval-abc.cpp in Sources */,
				07EF424E1296EBFA009E2388 /* eval-cogen-expr.cpp in Sources */,
				07EF424F1296EBFA009E2388 /* eval-cogen-stmt.cpp in Sources */,
				07EF42501296EBFA009E2388 /* eval-cogen.cpp in Sources */,
				07EF42511296EBFA009E2388 /* eval-compile.cpp in Sources */,
				07EF42521296EBFA009E2388 /* eval-lex-xml.cpp in Sources */,
				07EF42531296EBFA009E2388 /* eval-lex.cpp in Sources */,
				07EF42541296EBFA009E2388 /* eval-parse-expr.cpp in Sources */,
				07EF42551296EBFA009E2388 /* eval-parse-stmt.cpp in Sources */,
				07EF42561296EBFA009E2388 /* eval-parse-xml.cpp in Sources */,
				07EF42571296EBFA009E2388 /* eval-parse.cpp in Sources */,
				07EF42581296EBFA009E2388 /* eval-unicode.cpp in Sources */,
				07EF42591296EBFA009E2388 /* eval-util.cpp in Sources */,
				07EF425F1296EC22009E2388 /* avmc.cpp in Sources */,
				07EF426B1296ED46009E2388 /* ActionBlockConstants.cpp in Sources */,
				0700FF3012AFBA5F00181E26 /* eval-parse-config.cpp in Sources */,
			);
			runOnlyForDeploymentPostprocessing = 0;
		};
/* End PBXSourcesBuildPhase section */

/* Begin XCBuildConfiguration section */
		1DEB923208733DC60010E9CD /* Debug */ = {
			isa = XCBuildConfiguration;
			buildSettings = {
				ALWAYS_SEARCH_USER_PATHS = NO;
				COPY_PHASE_STRIP = NO;
				GCC_DYNAMIC_NO_PIC = NO;
				GCC_ENABLE_FIX_AND_CONTINUE = YES;
				GCC_MODEL_TUNING = G5;
				GCC_OPTIMIZATION_LEVEL = 0;
				INSTALL_PATH = /usr/local/bin;
				PRODUCT_NAME = avmc;
			};
			name = Debug;
		};
		1DEB923308733DC60010E9CD /* Release */ = {
			isa = XCBuildConfiguration;
			buildSettings = {
				ALWAYS_SEARCH_USER_PATHS = NO;
				DEBUG_INFORMATION_FORMAT = "dwarf-with-dsym";
				GCC_MODEL_TUNING = G5;
				INSTALL_PATH = /usr/local/bin;
				PRODUCT_NAME = avmc;
			};
			name = Release;
		};
		1DEB923608733DC60010E9CD /* Debug */ = {
			isa = XCBuildConfiguration;
			buildSettings = {
				ALWAYS_SEARCH_USER_PATHS = NO;
				ARCHS = "$(ARCHS_STANDARD_32_64_BIT)";
				GCC_C_LANGUAGE_STANDARD = gnu99;
				GCC_OPTIMIZATION_LEVEL = 0;
				GCC_PREPROCESSOR_DEFINITIONS = (
					DEBUG,
					AVMC_STANDALONE,
					VMCFG_EVAL,
				);
				GCC_WARN_ABOUT_RETURN_TYPE = YES;
				GCC_WARN_UNUSED_VARIABLE = YES;
				HEADER_SEARCH_PATHS = (
					../../eval,
					../utils/avmc,
				);
				ONLY_ACTIVE_ARCH = YES;
				PREBINDING = NO;
				PRECOMPS_INCLUDE_HEADERS_FROM_BUILT_PRODUCTS_DIR = NO;
				SDKROOT = macosx10.6;
			};
			name = Debug;
		};
		1DEB923708733DC60010E9CD /* Release */ = {
			isa = XCBuildConfiguration;
			buildSettings = {
				ALWAYS_SEARCH_USER_PATHS = NO;
				ARCHS = "$(ARCHS_STANDARD_32_64_BIT)";
				GCC_C_LANGUAGE_STANDARD = gnu99;
				GCC_PREPROCESSOR_DEFINITIONS = (
					AVMC_STANDALONE,
					VMCFG_EVAL,
				);
				GCC_WARN_ABOUT_RETURN_TYPE = YES;
				GCC_WARN_UNUSED_VARIABLE = YES;
				HEADER_SEARCH_PATHS = (
					../../eval,
					../utils/avmc,
				);
				ONLY_ACTIVE_ARCH = YES;
				PREBINDING = NO;
				PRECOMPS_INCLUDE_HEADERS_FROM_BUILT_PRODUCTS_DIR = NO;
				SDKROOT = macosx10.6;
			};
			name = Release;
		};
/* End XCBuildConfiguration section */

/* Begin XCConfigurationList section */
		1DEB923108733DC60010E9CD /* Build configuration list for PBXNativeTarget "avmc" */ = {
			isa = XCConfigurationList;
			buildConfigurations = (
				1DEB923208733DC60010E9CD /* Debug */,
				1DEB923308733DC60010E9CD /* Release */,
			);
			defaultConfigurationIsVisible = 0;
			defaultConfigurationName = Release;
		};
		1DEB923508733DC60010E9CD /* Build configuration list for PBXProject "avmc" */ = {
			isa = XCConfigurationList;
			buildConfigurations = (
				1DEB923608733DC60010E9CD /* Debug */,
				1DEB923708733DC60010E9CD /* Release */,
			);
			defaultConfigurationIsVisible = 0;
			defaultConfigurationName = Release;
		};
/* End XCConfigurationList section */
	};
	rootObject = 08FB7793FE84155DC02AAC07 /* Project object */;
}
