<?xml version="1.0" encoding="utf-8"?>
<Project ToolsVersion="4.0" xmlns="http://schemas.microsoft.com/developer/msbuild/2003">
  <ItemGroup>
    <Filter Include="core">
      <UniqueIdentifier>{c036b18d-a60c-446c-ac93-459524dc6697}</UniqueIdentifier>
    </Filter>
    <Filter Include="zlib">
      <UniqueIdentifier>{e82f5015-42af-42ea-91d3-8bfc7b026e5c}</UniqueIdentifier>
    </Filter>
    <Filter Include="eval">
      <UniqueIdentifier>{81c70e7c-73ac-454c-b579-7d58fade97ec}</UniqueIdentifier>
    </Filter>
    <Filter Include="extensions">
      <UniqueIdentifier>{947e49f0-e2dc-44e4-a9e0-66e5f819972e}</UniqueIdentifier>
    </Filter>
    <Filter Include="MMgc">
      <UniqueIdentifier>{cf7f3baa-a7bd-45e5-858e-507bcf93bd41}</UniqueIdentifier>
    </Filter>
    <Filter Include="nanojit">
      <UniqueIdentifier>{859bda09-e004-491a-8a79-aca84b752f47}</UniqueIdentifier>
    </Filter>
    <Filter Include="pcre">
      <UniqueIdentifier>{eaaff92a-6704-4108-824b-c9511d835868}</UniqueIdentifier>
    </Filter>
    <Filter Include="platform">
      <UniqueIdentifier>{ab83007e-98fb-4189-8a08-9cc1c6961463}</UniqueIdentifier>
    </Filter>
    <Filter Include="shell">
      <UniqueIdentifier>{c6adca45-3295-4efd-89d6-15111dfaad3a}</UniqueIdentifier>
    </Filter>
    <Filter Include="VMPI">
      <UniqueIdentifier>{2d8bbd80-a950-4a20-8a70-e6e2f3c430c7}</UniqueIdentifier>
    </Filter>
    <Filter Include="vprof">
      <UniqueIdentifier>{fb25386d-e6de-4e82-941b-3e99a5821acb}</UniqueIdentifier>
    </Filter>
    <Filter Include="AVMPI">
      <UniqueIdentifier>{31af1aa8-03ac-4575-9107-718d02e5e200}</UniqueIdentifier>
    </Filter>
  </ItemGroup>
  <ItemGroup>
    <ClCompile Include="..\..\core\AbcData.cpp">
      <Filter>core</Filter>
    </ClCompile>
    <ClCompile Include="..\..\core\AbcEnv.cpp">
      <Filter>core</Filter>
    </ClCompile>
    <ClCompile Include="..\..\core\AbcParser.cpp">
      <Filter>core</Filter>
    </ClCompile>
    <ClCompile Include="..\..\core\ActionBlockConstants.cpp">
      <Filter>core</Filter>
    </ClCompile>
    <ClCompile Include="..\..\core\ArrayClass.cpp">
      <Filter>core</Filter>
    </ClCompile>
    <ClCompile Include="..\..\core\ArrayObject.cpp">
      <Filter>core</Filter>
    </ClCompile>
    <ClCompile Include="..\..\core\avmplusList.cpp">
      <Filter>core</Filter>
    </ClCompile>
    <ClCompile Include="..\..\core\avm.cpp">
      <Filter>core</Filter>
    </ClCompile>
    <ClCompile Include="..\..\core\AvmCore.cpp">
      <Filter>core</Filter>
    </ClCompile>
    <ClCompile Include="..\..\core\avmfeatures.cpp">
      <Filter>core</Filter>
    </ClCompile>
    <ClCompile Include="..\..\core\AvmLog.cpp">
      <Filter>core</Filter>
    </ClCompile>
    <ClCompile Include="..\..\core\avmplus.cpp">
      <Filter>core</Filter>
    </ClCompile>
    <ClCompile Include="..\..\core\avmplusDebugger.cpp">
      <Filter>core</Filter>
    </ClCompile>
    <ClCompile Include="..\..\core\avmplusDebuggerStubs.cpp">
      <Filter>core</Filter>
    </ClCompile>
    <ClCompile Include="..\..\core\avmplusHashtable.cpp">
      <Filter>core</Filter>
    </ClCompile>
    <ClCompile Include="..\..\core\AvmPlusScriptableObject.cpp">
      <Filter>core</Filter>
    </ClCompile>
    <ClCompile Include="..\..\core\BigInteger.cpp">
      <Filter>core</Filter>
    </ClCompile>
    <ClCompile Include="..\..\core\BooleanClass.cpp">
      <Filter>core</Filter>
    </ClCompile>
    <ClCompile Include="..\..\core\BuiltinTraits.cpp">
      <Filter>core</Filter>
    </ClCompile>
    <ClCompile Include="..\..\core\CdeclThunk.cpp">
      <Filter>core</Filter>
    </ClCompile>
    <ClCompile Include="..\..\core\ClassClass.cpp">
      <Filter>core</Filter>
    </ClCompile>
    <ClCompile Include="..\..\core\ClassClosure.cpp">
      <Filter>core</Filter>
    </ClCompile>
    <ClCompile Include="..\..\core\CodegenLIR.cpp">
      <Filter>core</Filter>
    </ClCompile>
    <ClCompile Include="..\..\core\Coder.cpp">
      <Filter>core</Filter>
    </ClCompile>
    <ClCompile Include="..\..\core\Date.cpp">
      <Filter>core</Filter>
    </ClCompile>
    <ClCompile Include="..\..\core\DateClass.cpp">
      <Filter>core</Filter>
    </ClCompile>
    <ClCompile Include="..\..\core\DateObject.cpp">
      <Filter>core</Filter>
    </ClCompile>
    <ClCompile Include="..\..\core\DescribeTypeClass.cpp">
      <Filter>core</Filter>
    </ClCompile>
    <ClCompile Include="..\..\core\Domain.cpp">
      <Filter>core</Filter>
    </ClCompile>
    <ClCompile Include="..\..\core\DomainEnv.cpp">
      <Filter>core</Filter>
    </ClCompile>
    <ClCompile Include="..\..\core\E4XNode.cpp">
      <Filter>core</Filter>
    </ClCompile>
    <ClCompile Include="..\..\core\ErrorClass.cpp">
      <Filter>core</Filter>
    </ClCompile>
    <ClCompile Include="..\..\core\ErrorConstants.cpp">
      <Filter>core</Filter>
    </ClCompile>
    <ClCompile Include="..\..\core\Exception.cpp">
      <Filter>core</Filter>
    </ClCompile>
    <ClCompile Include="..\..\core\FrameState.cpp">
      <Filter>core</Filter>
    </ClCompile>
    <ClCompile Include="..\..\core\FunctionClass.cpp">
      <Filter>core</Filter>
    </ClCompile>
    <ClCompile Include="..\..\core\instr.cpp">
      <Filter>core</Filter>
    </ClCompile>
    <ClCompile Include="..\..\core\IntClass.cpp">
      <Filter>core</Filter>
    </ClCompile>
    <ClCompile Include="..\..\core\Interpreter.cpp">
      <Filter>core</Filter>
    </ClCompile>
    <ClCompile Include="..\..\core\LirHelper.cpp">
      <Filter>core</Filter>
    </ClCompile>
    <ClCompile Include="..\..\core\MathClass.cpp">
      <Filter>core</Filter>
    </ClCompile>
    <ClCompile Include="..\..\core\MathUtils.cpp">
      <Filter>core</Filter>
    </ClCompile>
    <ClCompile Include="..\..\core\MethodClosure.cpp">
      <Filter>core</Filter>
    </ClCompile>
    <ClCompile Include="..\..\core\MethodEnv.cpp">
      <Filter>core</Filter>
    </ClCompile>
    <ClCompile Include="..\..\core\MethodInfo.cpp">
      <Filter>core</Filter>
    </ClCompile>
    <ClCompile Include="..\..\core\Multiname.cpp">
      <Filter>core</Filter>
    </ClCompile>
    <ClCompile Include="..\..\core\MultinameHashtable.cpp">
      <Filter>core</Filter>
    </ClCompile>
    <ClCompile Include="..\..\core\Namespace.cpp">
      <Filter>core</Filter>
    </ClCompile>
    <ClCompile Include="..\..\core\NamespaceClass.cpp">
      <Filter>core</Filter>
    </ClCompile>
    <ClCompile Include="..\..\core\NamespaceSet.cpp">
      <Filter>core</Filter>
    </ClCompile>
    <ClCompile Include="..\..\core\NativeFunction.cpp">
      <Filter>core</Filter>
    </ClCompile>
    <ClCompile Include="..\..\core\NumberClass.cpp">
      <Filter>core</Filter>
    </ClCompile>
    <ClCompile Include="..\..\core\ObjectClass.cpp">
      <Filter>core</Filter>
    </ClCompile>
    <ClCompile Include="..\..\core\peephole.cpp">
      <Filter>core</Filter>
    </ClCompile>
    <ClCompile Include="..\..\core\PoolObject.cpp">
      <Filter>core</Filter>
    </ClCompile>
    <ClCompile Include="..\..\core\PrintWriter.cpp">
      <Filter>core</Filter>
    </ClCompile>
    <ClCompile Include="..\..\core\QCache.cpp">
      <Filter>core</Filter>
    </ClCompile>
    <ClCompile Include="..\..\core\RegExpClass.cpp">
      <Filter>core</Filter>
    </ClCompile>
    <ClCompile Include="..\..\core\RegExpObject.cpp">
      <Filter>core</Filter>
    </ClCompile>
    <ClCompile Include="..\..\core\Sampler.cpp">
      <Filter>core</Filter>
    </ClCompile>
    <ClCompile Include="..\..\core\ScopeChain.cpp">
      <Filter>core</Filter>
    </ClCompile>
    <ClCompile Include="..\..\core\ScriptBuffer.cpp">
      <Filter>core</Filter>
    </ClCompile>
    <ClCompile Include="..\..\core\ScriptObject.cpp">
      <Filter>core</Filter>
    </ClCompile>
    <ClCompile Include="..\..\core\StackTrace.cpp">
      <Filter>core</Filter>
    </ClCompile>
    <ClCompile Include="..\..\core\StringBuffer.cpp">
      <Filter>core</Filter>
    </ClCompile>
    <ClCompile Include="..\..\core\StringClass.cpp">
      <Filter>core</Filter>
    </ClCompile>
    <ClCompile Include="..\..\core\StringObject.cpp">
      <Filter>core</Filter>
    </ClCompile>
    <ClCompile Include="..\..\core\Toplevel.cpp">
      <Filter>core</Filter>
    </ClCompile>
    <ClCompile Include="..\..\core\Traits.cpp">
      <Filter>core</Filter>
    </ClCompile>
    <ClCompile Include="..\..\core\TypeDescriber.cpp">
      <Filter>core</Filter>
    </ClCompile>
    <ClCompile Include="..\..\core\UnicodeUtils.cpp">
      <Filter>core</Filter>
    </ClCompile>
    <ClCompile Include="..\..\core\VectorClass.cpp">
      <Filter>core</Filter>
    </ClCompile>
    <ClCompile Include="..\..\core\Verifier.cpp">
      <Filter>core</Filter>
    </ClCompile>
    <ClCompile Include="..\..\core\VTable.cpp">
      <Filter>core</Filter>
    </ClCompile>
    <ClCompile Include="..\..\core\wopcodes.cpp">
      <Filter>core</Filter>
    </ClCompile>
    <ClCompile Include="..\..\core\WordcodeEmitter.cpp">
      <Filter>core</Filter>
    </ClCompile>
    <ClCompile Include="..\..\core\WordcodeTranslator.cpp">
      <Filter>core</Filter>
    </ClCompile>
    <ClCompile Include="..\..\core\XMLClass.cpp">
      <Filter>core</Filter>
    </ClCompile>
    <ClCompile Include="..\..\core\XMLListClass.cpp">
      <Filter>core</Filter>
    </ClCompile>
    <ClCompile Include="..\..\core\XMLListObject.cpp">
      <Filter>core</Filter>
    </ClCompile>
    <ClCompile Include="..\..\core\XMLObject.cpp">
      <Filter>core</Filter>
    </ClCompile>
    <ClCompile Include="..\..\core\XMLParser16.cpp">
      <Filter>core</Filter>
    </ClCompile>
    <ClCompile Include="..\..\eval\eval-abc.cpp">
      <Filter>eval</Filter>
    </ClCompile>
    <ClCompile Include="..\..\eval\eval-avmplus.cpp">
      <Filter>eval</Filter>
    </ClCompile>
    <ClCompile Include="..\..\eval\eval-cogen.cpp">
      <Filter>eval</Filter>
    </ClCompile>
    <ClCompile Include="..\..\eval\eval-cogen-expr.cpp">
      <Filter>eval</Filter>
    </ClCompile>
    <ClCompile Include="..\..\eval\eval-cogen-stmt.cpp">
      <Filter>eval</Filter>
    </ClCompile>
    <ClCompile Include="..\..\eval\eval-compile.cpp">
      <Filter>eval</Filter>
    </ClCompile>
    <ClCompile Include="..\..\eval\eval-lex.cpp">
      <Filter>eval</Filter>
    </ClCompile>
    <ClCompile Include="..\..\eval\eval-lex-xml.cpp">
      <Filter>eval</Filter>
    </ClCompile>
    <ClCompile Include="..\..\eval\eval-parse.cpp">
      <Filter>eval</Filter>
    </ClCompile>
    <ClCompile Include="..\..\eval\eval-parse-expr.cpp">
      <Filter>eval</Filter>
    </ClCompile>
    <ClCompile Include="..\..\eval\eval-parse-stmt.cpp">
      <Filter>eval</Filter>
    </ClCompile>
    <ClCompile Include="..\..\eval\eval-parse-xml.cpp">
      <Filter>eval</Filter>
    </ClCompile>
    <ClCompile Include="..\..\eval\eval-unicode.cpp">
      <Filter>eval</Filter>
    </ClCompile>
    <ClCompile Include="..\..\eval\eval-util.cpp">
      <Filter>eval</Filter>
    </ClCompile>
    <ClCompile Include="..\..\extensions\SamplerScript.cpp">
      <Filter>extensions</Filter>
    </ClCompile>
    <ClCompile Include="..\..\extensions\Selftest.cpp">
      <Filter>extensions</Filter>
    </ClCompile>
    <ClCompile Include="..\..\extensions\SelftestInit.cpp">
      <Filter>extensions</Filter>
    </ClCompile>
    <ClCompile Include="..\..\MMgc\FixedAlloc.cpp">
      <Filter>MMgc</Filter>
    </ClCompile>
    <ClCompile Include="..\..\MMgc\FixedMalloc.cpp">
      <Filter>MMgc</Filter>
    </ClCompile>
    <ClCompile Include="..\..\MMgc\GC.cpp">
      <Filter>MMgc</Filter>
    </ClCompile>
    <ClCompile Include="..\..\MMgc\GCAlloc.cpp">
      <Filter>MMgc</Filter>
    </ClCompile>
    <ClCompile Include="..\..\MMgc\GCAllocObject.cpp">
      <Filter>MMgc</Filter>
    </ClCompile>
    <ClCompile Include="..\..\MMgc\GCDebug.cpp">
      <Filter>MMgc</Filter>
    </ClCompile>
    <ClCompile Include="..\..\MMgc\GCGlobalNew.cpp">
      <Filter>MMgc</Filter>
    </ClCompile>
    <ClCompile Include="..\..\MMgc\GCHashtable.cpp">
      <Filter>MMgc</Filter>
    </ClCompile>
    <ClCompile Include="..\..\MMgc\GCHeap.cpp">
      <Filter>MMgc</Filter>
    </ClCompile>
    <ClCompile Include="..\..\MMgc\GCLargeAlloc.cpp">
      <Filter>MMgc</Filter>
    </ClCompile>
    <ClCompile Include="..\..\MMgc\GCLog.cpp">
      <Filter>MMgc</Filter>
    </ClCompile>
    <ClCompile Include="..\..\MMgc\GCMemoryProfiler.cpp">
      <Filter>MMgc</Filter>
    </ClCompile>
    <ClCompile Include="..\..\MMgc\GCObject.cpp">
      <Filter>MMgc</Filter>
    </ClCompile>
    <ClCompile Include="..\..\MMgc\GCStack.cpp">
      <Filter>MMgc</Filter>
    </ClCompile>
    <ClCompile Include="..\..\MMgc\GCTests.cpp">
      <Filter>MMgc</Filter>
    </ClCompile>
    <ClCompile Include="..\..\MMgc\GCThreads.cpp">
      <Filter>MMgc</Filter>
    </ClCompile>
    <ClCompile Include="..\..\MMgc\ZCT.cpp">
      <Filter>MMgc</Filter>
    </ClCompile>
    <ClCompile Include="..\..\nanojit\Allocator.cpp">
      <Filter>nanojit</Filter>
    </ClCompile>
    <ClCompile Include="..\..\nanojit\Assembler.cpp">
      <Filter>nanojit</Filter>
    </ClCompile>
    <ClCompile Include="..\..\nanojit\CodeAlloc.cpp">
      <Filter>nanojit</Filter>
    </ClCompile>
    <ClCompile Include="..\..\nanojit\Containers.cpp">
      <Filter>nanojit</Filter>
    </ClCompile>
    <ClCompile Include="..\..\nanojit\Fragmento.cpp">
      <Filter>nanojit</Filter>
    </ClCompile>
    <ClCompile Include="..\..\nanojit\LIR.cpp">
      <Filter>nanojit</Filter>
    </ClCompile>
    <ClCompile Include="..\..\nanojit\NativeARM.cpp">
      <Filter>nanojit</Filter>
    </ClCompile>
    <ClCompile Include="..\..\nanojit\Nativei386.cpp">
      <Filter>nanojit</Filter>
    </ClCompile>
    <ClCompile Include="..\..\nanojit\NativeMIPS.cpp">
      <Filter>nanojit</Filter>
    </ClCompile>
    <ClCompile Include="..\..\nanojit\NativePPC.cpp">
      <Filter>nanojit</Filter>
    </ClCompile>
    <ClCompile Include="..\..\nanojit\NativeSparc.cpp">
      <Filter>nanojit</Filter>
    </ClCompile>
    <ClCompile Include="..\..\nanojit\NativeX64.cpp">
      <Filter>nanojit</Filter>
    </ClCompile>
    <ClCompile Include="..\..\nanojit\njconfig.cpp">
      <Filter>nanojit</Filter>
    </ClCompile>
    <ClCompile Include="..\..\nanojit\RegAlloc.cpp">
      <Filter>nanojit</Filter>
    </ClCompile>
    <ClCompile Include="..\..\other-licenses\zlib\adler32.c">
      <Filter>zlib</Filter>
    </ClCompile>
    <ClCompile Include="..\..\other-licenses\zlib\compress.c">
      <Filter>zlib</Filter>
    </ClCompile>
    <ClCompile Include="..\..\other-licenses\zlib\crc32.c">
      <Filter>zlib</Filter>
    </ClCompile>
    <ClCompile Include="..\..\other-licenses\zlib\deflate.c">
      <Filter>zlib</Filter>
    </ClCompile>
    <ClCompile Include="..\..\other-licenses\zlib\gzio.c">
      <Filter>zlib</Filter>
    </ClCompile>
    <ClCompile Include="..\..\other-licenses\zlib\infback.c">
      <Filter>zlib</Filter>
    </ClCompile>
    <ClCompile Include="..\..\other-licenses\zlib\inffast.c">
      <Filter>zlib</Filter>
    </ClCompile>
    <ClCompile Include="..\..\other-licenses\zlib\inflate.c">
      <Filter>zlib</Filter>
    </ClCompile>
    <ClCompile Include="..\..\other-licenses\zlib\inftrees.c">
      <Filter>zlib</Filter>
    </ClCompile>
    <ClCompile Include="..\..\other-licenses\zlib\trees.c">
      <Filter>zlib</Filter>
    </ClCompile>
    <ClCompile Include="..\..\other-licenses\zlib\uncompr.c">
      <Filter>zlib</Filter>
    </ClCompile>
    <ClCompile Include="..\..\other-licenses\zlib\zutil.c">
      <Filter>zlib</Filter>
    </ClCompile>
    <ClCompile Include="..\..\pcre\pcre_chartables.cpp">
      <Filter>pcre</Filter>
    </ClCompile>
    <ClCompile Include="..\..\pcre\pcre_compile.cpp">
      <Filter>pcre</Filter>
    </ClCompile>
    <ClCompile Include="..\..\pcre\pcre_config.cpp">
      <Filter>pcre</Filter>
    </ClCompile>
    <ClCompile Include="..\..\pcre\pcre_exec.cpp">
      <Filter>pcre</Filter>
    </ClCompile>
    <ClCompile Include="..\..\pcre\pcre_fullinfo.cpp">
      <Filter>pcre</Filter>
    </ClCompile>
    <ClCompile Include="..\..\pcre\pcre_get.cpp">
      <Filter>pcre</Filter>
    </ClCompile>
    <ClCompile Include="..\..\pcre\pcre_globals.cpp">
      <Filter>pcre</Filter>
    </ClCompile>
    <ClCompile Include="..\..\pcre\pcre_info.cpp">
      <Filter>pcre</Filter>
    </ClCompile>
    <ClCompile Include="..\..\pcre\pcre_maketables.cpp">
      <Filter>pcre</Filter>
    </ClCompile>
    <ClCompile Include="..\..\pcre\pcre_newline.cpp">
      <Filter>pcre</Filter>
    </ClCompile>
    <ClCompile Include="..\..\pcre\pcre_ord2utf8.cpp">
      <Filter>pcre</Filter>
    </ClCompile>
    <ClCompile Include="..\..\pcre\pcre_refcount.cpp">
      <Filter>pcre</Filter>
    </ClCompile>
    <ClCompile Include="..\..\pcre\pcre_study.cpp">
      <Filter>pcre</Filter>
    </ClCompile>
    <ClCompile Include="..\..\pcre\pcre_tables.cpp">
      <Filter>pcre</Filter>
    </ClCompile>
    <ClCompile Include="..\..\pcre\pcre_try_flipped.cpp">
      <Filter>pcre</Filter>
    </ClCompile>
    <ClCompile Include="..\..\pcre\pcre_valid_utf8.cpp">
      <Filter>pcre</Filter>
    </ClCompile>
    <ClCompile Include="..\..\pcre\pcre_version.cpp">
      <Filter>pcre</Filter>
    </ClCompile>
    <ClCompile Include="..\..\pcre\pcre_xclass.cpp">
      <Filter>pcre</Filter>
    </ClCompile>
    <ClCompile Include="coff.cpp">
      <Filter>platform</Filter>
    </ClCompile>
    <ClCompile Include="MathUtilsWin.cpp">
      <Filter>platform</Filter>
    </ClCompile>
    <ClCompile Include="nanojit.cpp">
      <Filter>platform</Filter>
    </ClCompile>
    <ClCompile Include="NativeFunctionWin.cpp">
      <Filter>platform</Filter>
    </ClCompile>
    <ClCompile Include="OSDepWin.cpp">
      <Filter>platform</Filter>
    </ClCompile>
    <ClCompile Include="Vtune.cpp">
      <Filter>platform</Filter>
    </ClCompile>
    <ClCompile Include="win32cpuid.cpp">
      <Filter>platform</Filter>
    </ClCompile>
    <ClCompile Include="win32setjmp.cpp">
      <Filter>platform</Filter>
    </ClCompile>
    <ClCompile Include="..\..\shell\avmshell.cpp">
      <Filter>shell</Filter>
    </ClCompile>
    <ClCompile Include="..\..\shell\avmshellWin.cpp">
      <Filter>shell</Filter>
    </ClCompile>
    <ClCompile Include="..\..\core\ByteArrayGlue.cpp">
      <Filter>shell</Filter>
    </ClCompile>
    <ClCompile Include="..\..\shell\ConsoleOutputStream.cpp">
      <Filter>shell</Filter>
    </ClCompile>
    <ClCompile Include="..\..\core\DataIO.cpp">
      <Filter>shell</Filter>
    </ClCompile>
    <ClCompile Include="..\..\shell\DebugCLI.cpp">
      <Filter>shell</Filter>
    </ClCompile>
    <ClCompile Include="..\..\shell\DomainClass.cpp">
      <Filter>shell</Filter>
    </ClCompile>
    <ClCompile Include="..\..\shell\FileClass.cpp">
      <Filter>shell</Filter>
    </ClCompile>
    <ClCompile Include="..\..\shell\FileInputStream.cpp">
      <Filter>shell</Filter>
    </ClCompile>
    <ClCompile Include="..\..\shell\ShellCore.cpp">
      <Filter>shell</Filter>
    </ClCompile>
    <ClCompile Include="..\..\shell\swf.cpp">
      <Filter>shell</Filter>
    </ClCompile>
    <ClCompile Include="..\..\shell\SystemClass.cpp">
      <Filter>shell</Filter>
    </ClCompile>
    <ClCompile Include="..\..\shell\WinFile.cpp">
      <Filter>shell</Filter>
    </ClCompile>
    <ClCompile Include="..\..\VMPI\ThreadsWin.cpp">
      <Filter>VMPI</Filter>
    </ClCompile>
    <ClCompile Include="..\..\VMPI\WinDebugUtils.cpp">
      <Filter>VMPI</Filter>
    </ClCompile>
    <ClCompile Include="..\..\VMPI\WinPortUtils.cpp">
      <Filter>VMPI</Filter>
    </ClCompile>
    <ClCompile Include="..\..\vprof\testVprofMT.c">
      <Filter>vprof</Filter>
    </ClCompile>
    <ClCompile Include="..\..\vprof\vprof.cpp">
      <Filter>vprof</Filter>
    </ClCompile>
    <ClCompile Include="..\..\core\exec.cpp">
      <Filter>core</Filter>
    </ClCompile>
    <ClCompile Include="..\..\core\exec-jit.cpp">
      <Filter>core</Filter>
    </ClCompile>
    <ClCompile Include="..\..\core\exec-osr.cpp">
      <Filter>core</Filter>
    </ClCompile>
    <ClCompile Include="..\..\core\exec-verifyall.cpp">
      <Filter>core</Filter>
    </ClCompile>
    <ClCompile Include="..\..\core\DomainMgr.cpp">
      <Filter>core</Filter>
    </ClCompile>
    <ClCompile Include="..\..\MMgc\GCPolicyManager.cpp">
      <Filter>MMgc</Filter>
    </ClCompile>
    <ClCompile Include="..\..\MMgc\PageMap.cpp">
      <Filter>MMgc</Filter>
    </ClCompile>
    <ClCompile Include="..\..\core\FloatClass.cpp">
      <Filter>core</Filter>
    </ClCompile>
    <ClCompile Include="..\..\core\JSONClass.cpp">
      <Filter>core</Filter>
    </ClCompile>
    <ClCompile Include="..\..\core\ProxyGlue.cpp">
      <Filter>core</Filter>
    </ClCompile>
    <ClCompile Include="..\..\eval\eval-parse-config.cpp">
      <Filter>eval</Filter>
    </ClCompile>
    <ClCompile Include="..\..\extensions\SelftestExec.cpp">
      <Filter>extensions</Filter>
    </ClCompile>
    <ClCompile Include="..\..\vmbase\Safepoint.cpp">
      <Filter>core</Filter>
    </ClCompile>
    <ClCompile Include="..\..\vmbase\VMThread.cpp">
      <Filter>core</Filter>
    </ClCompile>
    <ClCompile Include="..\..\core\InvokerCompiler.cpp" />
    <ClCompile Include="..\..\AVMPI\AvmAssert.cpp">
      <Filter>VMPI</Filter>
    </ClCompile>
    <ClCompile Include="..\..\AVMPI\MMgcPortWin.cpp">
      <Filter>VMPI</Filter>
    </ClCompile>
    <ClCompile Include="..\..\AVMPI\SpyUtilsWin.cpp">
      <Filter>VMPI</Filter>
    </ClCompile>
    <ClCompile Include="..\..\core\atom.cpp">
      <Filter>core</Filter>
    </ClCompile>
    <ClCompile Include="..\..\core\d2a.cpp">
      <Filter>core</Filter>
    </ClCompile>
    <ClCompile Include="..\..\VMPI\GenericPortUtils.cpp">
      <Filter>VMPI</Filter>
    </ClCompile>
    <ClCompile Include="..\..\core\Float4Class.cpp">
      <Filter>core</Filter>
    </ClCompile>
    <ClCompile Include="..\..\AVMPI\float4Support.cpp" />
    <ClCompile Include="..\..\core\DictionaryGlue.cpp">
      <Filter>core</Filter>
    </ClCompile>
    <ClCompile Include="..\..\core\AvmSerializer.cpp">
      <Filter>core</Filter>
    </ClCompile>
    <ClCompile Include="..\..\core\ObjectIO.cpp">
      <Filter>core</Filter>
    </ClCompile>
  </ItemGroup>
  <ItemGroup>
    <ClInclude Include="..\..\core\AbcEnv.h">
      <Filter>core</Filter>
    </ClInclude>
    <ClInclude Include="..\..\core\AbcEnv-inlines.h">
      <Filter>core</Filter>
    </ClInclude>
    <ClInclude Include="..\..\core\AbcParser.h">
      <Filter>core</Filter>
    </ClInclude>
    <ClInclude Include="..\..\core\AbcParser-inlines.h">
      <Filter>core</Filter>
    </ClInclude>
    <ClInclude Include="..\..\core\ActionBlockConstants.h">
      <Filter>core</Filter>
    </ClInclude>
    <ClInclude Include="..\..\core\api-versions.h">
      <Filter>core</Filter>
    </ClInclude>
    <ClInclude Include="..\..\core\ArrayClass.h">
      <Filter>core</Filter>
    </ClInclude>
    <ClInclude Include="..\..\core\ArrayObject.h">
      <Filter>core</Filter>
    </ClInclude>
    <ClInclude Include="..\..\core\ArrayObject-inlines.h">
      <Filter>core</Filter>
    </ClInclude>
    <ClInclude Include="..\..\core\AtomWriteBarrier.h">
      <Filter>core</Filter>
    </ClInclude>
    <ClInclude Include="..\..\core\avm.h">
      <Filter>core</Filter>
    </ClInclude>
    <ClInclude Include="..\..\core\avmbuild.h">
      <Filter>core</Filter>
    </ClInclude>
    <ClInclude Include="..\..\core\AvmCore.h">
      <Filter>core</Filter>
    </ClInclude>
    <ClInclude Include="..\..\core\AvmCore-inlines.h">
      <Filter>core</Filter>
    </ClInclude>
    <ClInclude Include="..\..\core\avmfeatures.h">
      <Filter>core</Filter>
    </ClInclude>
    <ClInclude Include="..\..\core\AvmLog.h">
      <Filter>core</Filter>
    </ClInclude>
    <ClInclude Include="..\..\core\avmplus.h">
      <Filter>core</Filter>
    </ClInclude>
    <ClInclude Include="..\..\core\avmplusDebugger.h">
      <Filter>core</Filter>
    </ClInclude>
    <ClInclude Include="..\..\core\avmplusHashtable.h">
      <Filter>core</Filter>
    </ClInclude>
    <ClInclude Include="..\..\core\avmplusHashtable-inlines.h">
      <Filter>core</Filter>
    </ClInclude>
    <ClInclude Include="..\..\core\avmplusList.h">
      <Filter>core</Filter>
    </ClInclude>
    <ClInclude Include="..\..\core\avmplusList-impl.h">
      <Filter>core</Filter>
    </ClInclude>
    <ClInclude Include="..\..\core\avmplusList-inlines.h">
      <Filter>core</Filter>
    </ClInclude>
    <ClInclude Include="..\..\core\avmplusProfiler.h">
      <Filter>core</Filter>
    </ClInclude>
    <ClInclude Include="..\..\core\AvmPlusScriptableObject.h">
      <Filter>core</Filter>
    </ClInclude>
    <ClInclude Include="..\..\core\avmplusStack.h">
      <Filter>core</Filter>
    </ClInclude>
    <ClInclude Include="..\..\core\avmplusVersion.h">
      <Filter>core</Filter>
    </ClInclude>
    <ClInclude Include="..\..\core\BigInteger.h">
      <Filter>core</Filter>
    </ClInclude>
    <ClInclude Include="..\..\core\BitSet.h">
      <Filter>core</Filter>
    </ClInclude>
    <ClInclude Include="..\..\core\BooleanClass.h">
      <Filter>core</Filter>
    </ClInclude>
    <ClInclude Include="..\..\core\BuiltinNatives.h">
      <Filter>core</Filter>
    </ClInclude>
    <ClInclude Include="..\..\core\BuiltinTraits.h">
      <Filter>core</Filter>
    </ClInclude>
    <ClInclude Include="..\..\core\CdeclThunk.h">
      <Filter>core</Filter>
    </ClInclude>
    <ClInclude Include="..\..\core\ClassClass.h">
      <Filter>core</Filter>
    </ClInclude>
    <ClInclude Include="..\..\core\ClassClosure.h">
      <Filter>core</Filter>
    </ClInclude>
    <ClInclude Include="..\..\core\ClassClosure-inlines.h">
      <Filter>core</Filter>
    </ClInclude>
    <ClInclude Include="..\..\core\CodeContext.h">
      <Filter>core</Filter>
    </ClInclude>
    <ClInclude Include="..\..\core\CodegenLIR.h">
      <Filter>core</Filter>
    </ClInclude>
    <ClInclude Include="..\..\core\CodegenLIR-inlines.h">
      <Filter>core</Filter>
    </ClInclude>
    <ClInclude Include="..\..\core\Coder.h">
      <Filter>core</Filter>
    </ClInclude>
    <ClInclude Include="..\..\core\Coder-inlines.h">
      <Filter>core</Filter>
    </ClInclude>
    <ClInclude Include="..\..\core\Date.h">
      <Filter>core</Filter>
    </ClInclude>
    <ClInclude Include="..\..\core\DateClass.h">
      <Filter>core</Filter>
    </ClInclude>
    <ClInclude Include="..\..\core\DateObject.h">
      <Filter>core</Filter>
    </ClInclude>
    <ClInclude Include="..\..\core\DescribeTypeClass.h">
      <Filter>core</Filter>
    </ClInclude>
    <ClInclude Include="..\..\core\Domain.h">
      <Filter>core</Filter>
    </ClInclude>
    <ClInclude Include="..\..\core\DomainEnv.h">
      <Filter>core</Filter>
    </ClInclude>
    <ClInclude Include="..\..\core\E4XNode.h">
      <Filter>core</Filter>
    </ClInclude>
    <ClInclude Include="..\..\core\ErrorClass.h">
      <Filter>core</Filter>
    </ClInclude>
    <ClInclude Include="..\..\core\ErrorConstants.h">
      <Filter>core</Filter>
    </ClInclude>
    <ClInclude Include="..\..\core\Exception.h">
      <Filter>core</Filter>
    </ClInclude>
    <ClInclude Include="..\..\core\FrameState.h">
      <Filter>core</Filter>
    </ClInclude>
    <ClInclude Include="..\..\core\FrameState-inlines.h">
      <Filter>core</Filter>
    </ClInclude>
    <ClInclude Include="..\..\core\FunctionClass.h">
      <Filter>core</Filter>
    </ClInclude>
    <ClInclude Include="..\..\core\instr.h">
      <Filter>core</Filter>
    </ClInclude>
    <ClInclude Include="..\..\core\instr-inlines.h">
      <Filter>core</Filter>
    </ClInclude>
    <ClInclude Include="..\..\core\IntClass.h">
      <Filter>core</Filter>
    </ClInclude>
    <ClInclude Include="..\..\core\Interpreter.h">
      <Filter>core</Filter>
    </ClInclude>
    <ClInclude Include="..\..\core\jit-calls.h">
      <Filter>core</Filter>
    </ClInclude>
    <ClInclude Include="..\..\core\LirHelper.h">
      <Filter>core</Filter>
    </ClInclude>
    <ClInclude Include="..\..\core\LirHelper-inlines.h">
      <Filter>core</Filter>
    </ClInclude>
    <ClInclude Include="..\..\core\MathClass.h">
      <Filter>core</Filter>
    </ClInclude>
    <ClInclude Include="..\..\core\MathUtils.h">
      <Filter>core</Filter>
    </ClInclude>
    <ClInclude Include="..\..\core\MethodClosure.h">
      <Filter>core</Filter>
    </ClInclude>
    <ClInclude Include="..\..\core\MethodEnv.h">
      <Filter>core</Filter>
    </ClInclude>
    <ClInclude Include="..\..\core\MethodEnv-inlines.h">
      <Filter>core</Filter>
    </ClInclude>
    <ClInclude Include="..\..\core\MethodInfo.h">
      <Filter>core</Filter>
    </ClInclude>
    <ClInclude Include="..\..\core\MethodInfo-inlines.h">
      <Filter>core</Filter>
    </ClInclude>
    <ClInclude Include="..\..\core\Multiname.h">
      <Filter>core</Filter>
    </ClInclude>
    <ClInclude Include="..\..\core\MultinameHashtable.h">
      <Filter>core</Filter>
    </ClInclude>
    <ClInclude Include="..\..\core\MultinameHashtable-inlines.h">
      <Filter>core</Filter>
    </ClInclude>
    <ClInclude Include="..\..\core\Multiname-inlines.h">
      <Filter>core</Filter>
    </ClInclude>
    <ClInclude Include="..\..\core\Namespace.h">
      <Filter>core</Filter>
    </ClInclude>
    <ClInclude Include="..\..\core\NamespaceClass.h">
      <Filter>core</Filter>
    </ClInclude>
    <ClInclude Include="..\..\core\NamespaceSet.h">
      <Filter>core</Filter>
    </ClInclude>
    <ClInclude Include="..\..\core\NamespaceSet-inlines.h">
      <Filter>core</Filter>
    </ClInclude>
    <ClInclude Include="..\..\core\NativeFunction.h">
      <Filter>core</Filter>
    </ClInclude>
    <ClInclude Include="..\..\core\NativeObjectHelpers.h">
      <Filter>core</Filter>
    </ClInclude>
    <ClInclude Include="..\..\core\NumberClass.h">
      <Filter>core</Filter>
    </ClInclude>
    <ClInclude Include="..\..\core\ObjectClass.h">
      <Filter>core</Filter>
    </ClInclude>
    <ClInclude Include="..\..\core\OSDep.h">
      <Filter>core</Filter>
    </ClInclude>
    <ClInclude Include="..\..\core\OutputStream.h">
      <Filter>core</Filter>
    </ClInclude>
    <ClInclude Include="..\..\core\PoolObject.h">
      <Filter>core</Filter>
    </ClInclude>
    <ClInclude Include="..\..\core\PoolObject-inlines.h">
      <Filter>core</Filter>
    </ClInclude>
    <ClInclude Include="..\..\core\PrintWriter.h">
      <Filter>core</Filter>
    </ClInclude>
    <ClInclude Include="..\..\core\QCache.h">
      <Filter>core</Filter>
    </ClInclude>
    <ClInclude Include="..\..\core\RegExpClass.h">
      <Filter>core</Filter>
    </ClInclude>
    <ClInclude Include="..\..\core\RegExpObject.h">
      <Filter>core</Filter>
    </ClInclude>
    <ClInclude Include="..\..\core\Sampler.h">
      <Filter>core</Filter>
    </ClInclude>
    <ClInclude Include="..\..\core\ScopeChain.h">
      <Filter>core</Filter>
    </ClInclude>
    <ClInclude Include="..\..\core\ScopeChain-inlines.h">
      <Filter>core</Filter>
    </ClInclude>
    <ClInclude Include="..\..\core\ScriptBuffer.h">
      <Filter>core</Filter>
    </ClInclude>
    <ClInclude Include="..\..\core\ScriptObject.h">
      <Filter>core</Filter>
    </ClInclude>
    <ClInclude Include="..\..\core\SortedMap.h">
      <Filter>core</Filter>
    </ClInclude>
    <ClInclude Include="..\..\core\StackTrace.h">
      <Filter>core</Filter>
    </ClInclude>
    <ClInclude Include="..\..\core\StringBuffer.h">
      <Filter>core</Filter>
    </ClInclude>
    <ClInclude Include="..\..\core\StringClass.h">
      <Filter>core</Filter>
    </ClInclude>
    <ClInclude Include="..\..\core\StringObject.h">
      <Filter>core</Filter>
    </ClInclude>
    <ClInclude Include="..\..\core\Toplevel.h">
      <Filter>core</Filter>
    </ClInclude>
    <ClInclude Include="..\..\core\Toplevel-inlines.h">
      <Filter>core</Filter>
    </ClInclude>
    <ClInclude Include="..\..\core\Traits.h">
      <Filter>core</Filter>
    </ClInclude>
    <ClInclude Include="..\..\core\Traits-inlines.h">
      <Filter>core</Filter>
    </ClInclude>
    <ClInclude Include="..\..\core\TraitsIterator.h">
      <Filter>core</Filter>
    </ClInclude>
    <ClInclude Include="..\..\core\TypeDescriber.h">
      <Filter>core</Filter>
    </ClInclude>
    <ClInclude Include="..\..\core\UnicodeUtils.h">
      <Filter>core</Filter>
    </ClInclude>
    <ClInclude Include="..\..\core\VectorClass.h">
      <Filter>core</Filter>
    </ClInclude>
    <ClInclude Include="..\..\core\Verifier.h">
      <Filter>core</Filter>
    </ClInclude>
    <ClInclude Include="..\..\core\Verifier-inlines.h">
      <Filter>core</Filter>
    </ClInclude>
    <ClInclude Include="..\..\core\VTable.h">
      <Filter>core</Filter>
    </ClInclude>
    <ClInclude Include="..\..\core\VTable-inlines.h">
      <Filter>core</Filter>
    </ClInclude>
    <ClInclude Include="..\..\core\wopcodes.h">
      <Filter>core</Filter>
    </ClInclude>
    <ClInclude Include="..\..\core\WordcodeEmitter.h">
      <Filter>core</Filter>
    </ClInclude>
    <ClInclude Include="..\..\core\WordcodeTranslator.h">
      <Filter>core</Filter>
    </ClInclude>
    <ClInclude Include="..\..\core\XMLClass.h">
      <Filter>core</Filter>
    </ClInclude>
    <ClInclude Include="..\..\core\XMLListClass.h">
      <Filter>core</Filter>
    </ClInclude>
    <ClInclude Include="..\..\core\XMLListObject.h">
      <Filter>core</Filter>
    </ClInclude>
    <ClInclude Include="..\..\core\XMLObject.h">
      <Filter>core</Filter>
    </ClInclude>
    <ClInclude Include="..\..\core\XMLParser16.h">
      <Filter>core</Filter>
    </ClInclude>
    <ClInclude Include="..\..\eval\eval.h">
      <Filter>eval</Filter>
    </ClInclude>
    <ClInclude Include="..\..\eval\eval-abc.h">
      <Filter>eval</Filter>
    </ClInclude>
    <ClInclude Include="..\..\eval\eval-abc-inlines.h">
      <Filter>eval</Filter>
    </ClInclude>
    <ClInclude Include="..\..\eval\eval-avmplus.h">
      <Filter>eval</Filter>
    </ClInclude>
    <ClInclude Include="..\..\eval\eval-cogen.h">
      <Filter>eval</Filter>
    </ClInclude>
    <ClInclude Include="..\..\eval\eval-cogen-inlines.h">
      <Filter>eval</Filter>
    </ClInclude>
    <ClInclude Include="..\..\eval\eval-compile.h">
      <Filter>eval</Filter>
    </ClInclude>
    <ClInclude Include="..\..\eval\eval-lex.h">
      <Filter>eval</Filter>
    </ClInclude>
    <ClInclude Include="..\..\eval\eval-lex-inlines.h">
      <Filter>eval</Filter>
    </ClInclude>
    <ClInclude Include="..\..\eval\eval-parse.h">
      <Filter>eval</Filter>
    </ClInclude>
    <ClInclude Include="..\..\eval\eval-parse-inlines.h">
      <Filter>eval</Filter>
    </ClInclude>
    <ClInclude Include="..\..\eval\eval-unicode.h">
      <Filter>eval</Filter>
    </ClInclude>
    <ClInclude Include="..\..\eval\eval-util.h">
      <Filter>eval</Filter>
    </ClInclude>
    <ClInclude Include="..\..\eval\eval-util-inlines.h">
      <Filter>eval</Filter>
    </ClInclude>
    <ClInclude Include="..\..\extensions\SamplerScript.h">
      <Filter>extensions</Filter>
    </ClInclude>
    <ClInclude Include="..\..\extensions\Selftest.h">
      <Filter>extensions</Filter>
    </ClInclude>
    <ClInclude Include="..\..\extensions\SelftestClasses.h">
      <Filter>extensions</Filter>
    </ClInclude>
    <ClInclude Include="..\..\MMgc\AllocationMacros.h">
      <Filter>MMgc</Filter>
    </ClInclude>
    <ClInclude Include="..\..\MMgc\BasicList.h">
      <Filter>MMgc</Filter>
    </ClInclude>
    <ClInclude Include="..\..\MMgc\FixedAlloc.h">
      <Filter>MMgc</Filter>
    </ClInclude>
    <ClInclude Include="..\..\MMgc\FixedAlloc-inlines.h">
      <Filter>MMgc</Filter>
    </ClInclude>
    <ClInclude Include="..\..\MMgc\FixedMalloc.h">
      <Filter>MMgc</Filter>
    </ClInclude>
    <ClInclude Include="..\..\MMgc\FixedMalloc-inlines.h">
      <Filter>MMgc</Filter>
    </ClInclude>
    <ClInclude Include="..\..\MMgc\GC.h">
      <Filter>MMgc</Filter>
    </ClInclude>
    <ClInclude Include="..\..\MMgc\GCAlloc.h">
      <Filter>MMgc</Filter>
    </ClInclude>
    <ClInclude Include="..\..\MMgc\GCAlloc-inlines.h">
      <Filter>MMgc</Filter>
    </ClInclude>
    <ClInclude Include="..\..\MMgc\GCAllocObject.h">
      <Filter>MMgc</Filter>
    </ClInclude>
    <ClInclude Include="..\..\MMgc\GCDebug.h">
      <Filter>MMgc</Filter>
    </ClInclude>
    <ClInclude Include="..\..\MMgc\GCGlobalNew.h">
      <Filter>MMgc</Filter>
    </ClInclude>
    <ClInclude Include="..\..\MMgc\GCHashtable.h">
      <Filter>MMgc</Filter>
    </ClInclude>
    <ClInclude Include="..\..\MMgc\GCHashtable-inlines.h">
      <Filter>MMgc</Filter>
    </ClInclude>
    <ClInclude Include="..\..\MMgc\GCHeap.h">
      <Filter>MMgc</Filter>
    </ClInclude>
    <ClInclude Include="..\..\MMgc\GC-inlines.h">
      <Filter>MMgc</Filter>
    </ClInclude>
    <ClInclude Include="..\..\MMgc\GCLargeAlloc.h">
      <Filter>MMgc</Filter>
    </ClInclude>
    <ClInclude Include="..\..\MMgc\GCLargeAlloc-inlines.h">
      <Filter>MMgc</Filter>
    </ClInclude>
    <ClInclude Include="..\..\MMgc\GCLog.h">
      <Filter>MMgc</Filter>
    </ClInclude>
    <ClInclude Include="..\..\MMgc\GCMemoryProfiler.h">
      <Filter>MMgc</Filter>
    </ClInclude>
    <ClInclude Include="..\..\MMgc\GCObject.h">
      <Filter>MMgc</Filter>
    </ClInclude>
    <ClInclude Include="..\..\MMgc\GCSpinLock.h">
      <Filter>MMgc</Filter>
    </ClInclude>
    <ClInclude Include="..\..\MMgc\GCStack.h">
      <Filter>MMgc</Filter>
    </ClInclude>
    <ClInclude Include="..\..\MMgc\GCTests.h">
      <Filter>MMgc</Filter>
    </ClInclude>
    <ClInclude Include="..\..\MMgc\GCThreadLocal.h">
      <Filter>MMgc</Filter>
    </ClInclude>
    <ClInclude Include="..\..\MMgc\GCThreads.h">
      <Filter>MMgc</Filter>
    </ClInclude>
    <ClInclude Include="..\..\MMgc\GCTypes.h">
      <Filter>MMgc</Filter>
    </ClInclude>
    <ClInclude Include="..\..\MMgc\GCWeakRef.h">
      <Filter>MMgc</Filter>
    </ClInclude>
    <ClInclude Include="..\..\MMgc\HeapGraph.h">
      <Filter>MMgc</Filter>
    </ClInclude>
    <ClInclude Include="..\..\MMgc\MMgc.h">
      <Filter>MMgc</Filter>
    </ClInclude>
    <ClInclude Include="..\..\MMgc\OOM.h">
      <Filter>MMgc</Filter>
    </ClInclude>
    <ClInclude Include="..\..\MMgc\StaticAssert.h">
      <Filter>MMgc</Filter>
    </ClInclude>
    <ClInclude Include="..\..\MMgc\TypeTraits.h">
      <Filter>MMgc</Filter>
    </ClInclude>
    <ClInclude Include="..\..\MMgc\WriteBarrier.h">
      <Filter>MMgc</Filter>
    </ClInclude>
    <ClInclude Include="..\..\MMgc\ZCT.h">
      <Filter>MMgc</Filter>
    </ClInclude>
    <ClInclude Include="..\..\MMgc\ZCT-inlines.h">
      <Filter>MMgc</Filter>
    </ClInclude>
    <ClInclude Include="..\..\nanojit\Allocator.h">
      <Filter>nanojit</Filter>
    </ClInclude>
    <ClInclude Include="..\..\nanojit\Assembler.h">
      <Filter>nanojit</Filter>
    </ClInclude>
    <ClInclude Include="..\..\nanojit\CodeAlloc.h">
      <Filter>nanojit</Filter>
    </ClInclude>
    <ClInclude Include="..\..\nanojit\Containers.h">
      <Filter>nanojit</Filter>
    </ClInclude>
    <ClInclude Include="..\..\nanojit\Fragmento.h">
      <Filter>nanojit</Filter>
    </ClInclude>
    <ClInclude Include="..\..\nanojit\LIR.h">
      <Filter>nanojit</Filter>
    </ClInclude>
    <ClInclude Include="..\..\nanojit\nanojit.h">
      <Filter>nanojit</Filter>
    </ClInclude>
    <ClInclude Include="..\..\nanojit\Native.h">
      <Filter>nanojit</Filter>
    </ClInclude>
    <ClInclude Include="..\..\nanojit\NativeARM.h">
      <Filter>nanojit</Filter>
    </ClInclude>
    <ClInclude Include="..\..\nanojit\Nativei386.h">
      <Filter>nanojit</Filter>
    </ClInclude>
    <ClInclude Include="..\..\nanojit\NativeMIPS.h">
      <Filter>nanojit</Filter>
    </ClInclude>
    <ClInclude Include="..\..\nanojit\NativePPC.h">
      <Filter>nanojit</Filter>
    </ClInclude>
    <ClInclude Include="..\..\nanojit\NativeSparc.h">
      <Filter>nanojit</Filter>
    </ClInclude>
    <ClInclude Include="..\..\nanojit\NativeX64.h">
      <Filter>nanojit</Filter>
    </ClInclude>
    <ClInclude Include="..\..\nanojit\njconfig.h">
      <Filter>nanojit</Filter>
    </ClInclude>
    <ClInclude Include="..\..\nanojit\njcpudetect.h">
      <Filter>nanojit</Filter>
    </ClInclude>
    <ClInclude Include="..\..\nanojit\RegAlloc.h">
      <Filter>nanojit</Filter>
    </ClInclude>
    <ClInclude Include="..\..\other-licenses\zlib\crc32.h">
      <Filter>zlib</Filter>
    </ClInclude>
    <ClInclude Include="..\..\other-licenses\zlib\deflate.h">
      <Filter>zlib</Filter>
    </ClInclude>
    <ClInclude Include="..\..\other-licenses\zlib\inffast.h">
      <Filter>zlib</Filter>
    </ClInclude>
    <ClInclude Include="..\..\other-licenses\zlib\inffixed.h">
      <Filter>zlib</Filter>
    </ClInclude>
    <ClInclude Include="..\..\other-licenses\zlib\inflate.h">
      <Filter>zlib</Filter>
    </ClInclude>
    <ClInclude Include="..\..\other-licenses\zlib\inftrees.h">
      <Filter>zlib</Filter>
    </ClInclude>
    <ClInclude Include="..\..\other-licenses\zlib\mozzconf.h">
      <Filter>zlib</Filter>
    </ClInclude>
    <ClInclude Include="..\..\other-licenses\zlib\trees.h">
      <Filter>zlib</Filter>
    </ClInclude>
    <ClInclude Include="..\..\other-licenses\zlib\zconf.h">
      <Filter>zlib</Filter>
    </ClInclude>
    <ClInclude Include="..\..\other-licenses\zlib\zlib.h">
      <Filter>zlib</Filter>
    </ClInclude>
    <ClInclude Include="..\..\other-licenses\zlib\zutil.h">
      <Filter>zlib</Filter>
    </ClInclude>
    <ClInclude Include="..\..\pcre\config.h">
      <Filter>pcre</Filter>
    </ClInclude>
    <ClInclude Include="..\..\pcre\pcre.h">
      <Filter>pcre</Filter>
    </ClInclude>
    <ClInclude Include="..\..\pcre\pcre_avmplus.h">
      <Filter>pcre</Filter>
    </ClInclude>
    <ClInclude Include="..\..\pcre\pcre_internal.h">
      <Filter>pcre</Filter>
    </ClInclude>
    <ClInclude Include="..\..\pcre\ucp.h">
      <Filter>pcre</Filter>
    </ClInclude>
    <ClInclude Include="..\..\pcre\ucpinternal.h">
      <Filter>pcre</Filter>
    </ClInclude>
    <ClInclude Include="..\system-selection.h">
      <Filter>platform</Filter>
    </ClInclude>
    <ClInclude Include="coff.h">
      <Filter>platform</Filter>
    </ClInclude>
    <ClInclude Include="win32-platform.h">
      <Filter>platform</Filter>
    </ClInclude>
    <ClInclude Include="..\..\shell\avmshell.h">
      <Filter>shell</Filter>
    </ClInclude>
    <ClInclude Include="..\..\shell\avmshell-features.h">
      <Filter>shell</Filter>
    </ClInclude>
    <ClInclude Include="..\..\core\ByteArrayGlue.h">
      <Filter>shell</Filter>
    </ClInclude>
    <ClInclude Include="..\..\shell\ConsoleOutputStream.h">
      <Filter>shell</Filter>
    </ClInclude>
    <ClInclude Include="..\..\core\DataIO.h">
      <Filter>shell</Filter>
    </ClInclude>
    <ClInclude Include="..\..\shell\DebugCLI.h">
      <Filter>shell</Filter>
    </ClInclude>
    <ClInclude Include="..\..\shell\DomainClass.h">
      <Filter>shell</Filter>
    </ClInclude>
    <ClInclude Include="..\..\shell\File.h">
      <Filter>shell</Filter>
    </ClInclude>
    <ClInclude Include="..\..\shell\FileClass.h">
      <Filter>shell</Filter>
    </ClInclude>
    <ClInclude Include="..\..\shell\FileInputStream.h">
      <Filter>shell</Filter>
    </ClInclude>
    <ClInclude Include="..\..\shell\Platform.h">
      <Filter>shell</Filter>
    </ClInclude>
    <ClInclude Include="..\..\shell\Profiler.h">
      <Filter>shell</Filter>
    </ClInclude>
    <ClInclude Include="..\..\shell\ShellCore.h">
      <Filter>shell</Filter>
    </ClInclude>
    <ClInclude Include="..\..\shell\SystemClass.h">
      <Filter>shell</Filter>
    </ClInclude>
    <ClInclude Include="..\..\shell\WinFile.h">
      <Filter>shell</Filter>
    </ClInclude>
    <ClInclude Include="..\..\VMPI\VMPI.h">
      <Filter>VMPI</Filter>
    </ClInclude>
    <ClInclude Include="..\..\vprof\vprof.h">
      <Filter>vprof</Filter>
    </ClInclude>
    <ClInclude Include="..\..\core\exec.h">
      <Filter>core</Filter>
    </ClInclude>
    <ClInclude Include="..\..\core\exec-inlines.h">
      <Filter>core</Filter>
    </ClInclude>
    <ClInclude Include="..\..\core\DomainMgr.h">
      <Filter>core</Filter>
    </ClInclude>
    <ClInclude Include="..\..\MMgc\GCPolicyManager.h">
      <Filter>MMgc</Filter>
    </ClInclude>
    <ClInclude Include="..\..\MMgc\PageMap.h">
      <Filter>MMgc</Filter>
    </ClInclude>
    <ClInclude Include="..\..\core\FloatClass.h">
      <Filter>core</Filter>
    </ClInclude>
    <ClInclude Include="..\..\core\JSONClass.h">
      <Filter>core</Filter>
    </ClInclude>
    <ClInclude Include="..\..\core\ProxyGlue.h">
      <Filter>core</Filter>
    </ClInclude>
    <ClInclude Include="..\..\vmbase\Safepoint.h">
      <Filter>core</Filter>
    </ClInclude>
    <ClInclude Include="..\..\vmbase\Safepoint-inlines.h">
      <Filter>core</Filter>
    </ClInclude>
    <ClInclude Include="..\..\vmbase\VMThread.h">
      <Filter>core</Filter>
    </ClInclude>
    <ClInclude Include="..\..\vmbase\VMThread-inlines.h">
      <Filter>core</Filter>
    </ClInclude>
    <ClInclude Include="..\..\core\InvokerCompiler.h" />
    <ClInclude Include="..\..\AVMPI\AvmAssert.h">
      <Filter>VMPI</Filter>
    </ClInclude>
    <ClInclude Include="..\..\core\atom.h">
      <Filter>core</Filter>
    </ClInclude>
    <ClInclude Include="..\..\core\d2a.h">
      <Filter>core</Filter>
    </ClInclude>
    <ClInclude Include="..\..\core\Float4Class.h">
      <Filter>core</Filter>
    </ClInclude>
    <ClInclude Include="..\..\core\atom-inlines.h" />
    <ClInclude Include="..\..\AVMPI\float4Support.h" />
    <ClInclude Include="..\..\core\DictionaryGlue.h">
      <Filter>core</Filter>
    </ClInclude>
    <ClInclude Include="..\..\core\AvmSerializer.h">
      <Filter>core</Filter>
    </ClInclude>
    <ClInclude Include="..\..\core\ObjectIO.h">
      <Filter>core</Filter>
    </ClInclude>
  </ItemGroup>
  <ItemGroup>
    <CustomBuild Include="win64setjmp.asm">
      <Filter>platform</Filter>
    </CustomBuild>
  </ItemGroup>
</Project>