Microsoft Visual Studio Solution File, Format Version 10.00
# Visual Studio 2008
Project("{8BC9CEB8-8B4A-11D0-8D11-00A0C91BC942}") = "shell", "shell2008.vcproj", "{437E43D2-ED2D-406B-88DB-B5940F838AE9}"
	ProjectSection(ProjectDependencies) = postProject
		{D3749430-CDC4-46C2-9428-6276390A4749} = {D3749430-CDC4-46C2-9428-6276390A4749}
		{7E408248-3BAA-45AE-B65A-5355113A1FF8} = {7E408248-3BAA-45AE-B65A-5355113A1FF8}
		{5A7E8ACA-065A-4456-BBD0-535691718FD0} = {5A7E8ACA-065A-4456-BBD0-535691718FD0}
		{B004A8CC-B3A9-4600-A1A9-EF1BBCF2434B} = {B004A8CC-B3A9-4600-A1A9-EF1BBCF2434B}
		{437E43D2-ED2D-406B-88DB-B5940F838AE8} = {437E43D2-ED2D-406B-88DB-B5940F838AE8}
		{AAEFC4E3-287B-4DD5-B668-DE084BC8041A} = {AAEFC4E3-287B-4DD5-B668-DE084BC8041A}
	EndProjectSection
EndProject
Project("{8BC9CEB8-8B4A-11D0-8D11-00A0C91BC942}") = "avmplus", "avmplus2008.vcproj", "{437E43D2-ED2D-406B-88DB-B5940F838AE8}"
EndProject
Project("{8BC9CEB8-8B4A-11D0-8D11-00A0C91BC942}") = "MMgc", "MMgc2008.vcproj", "{B004A8CC-B3A9-4600-A1A9-EF1BBCF2434B}"
EndProject
Project("{8BC9CEB8-8B4A-11D0-8D11-00A0C91BC942}") = "zlib", "zlib2008.vcproj", "{5A7E8ACA-065A-4456-BBD0-535691718FD0}"
EndProject
Project("{8BC9CEB8-8B4A-11D0-8D11-00A0C91BC942}") = "nanojit", "nanojit2008.vcproj", "{7E408248-3BAA-45AE-B65A-5355113A1FF8}"
EndProject
Project("{8BC9CEB8-8B4A-11D0-8D11-00A0C91BC942}") = "eval", "eval2008.vcproj", "{AAEFC4E3-287B-4DD5-B668-DE084BC8041A}"
EndProject
Project("{8BC9CEB8-8B4A-11D0-8D11-00A0C91BC942}") = "lzma", "lzma2008.vcproj", "{D3749430-CDC4-46C2-9428-6276390A4749}"
EndProject
Global
	GlobalSection(SolutionConfigurationPlatforms) = preSolution
		Debug_Debugger|Win32 = Debug_Debugger|Win32
		Debug_Debugger|Windows Mobile 6 Professional SDK (ARMV4I) = Debug_Debugger|Windows Mobile 6 Professional SDK (ARMV4I)
		Debug_Debugger|x64 = Debug_Debugger|x64
		Debug|Win32 = Debug|Win32
		Debug|Windows Mobile 6 Professional SDK (ARMV4I) = Debug|Windows Mobile 6 Professional SDK (ARMV4I)
		Debug|x64 = Debug|x64
		MemoryProfiler|Win32 = MemoryProfiler|Win32
		MemoryProfiler|Windows Mobile 6 Professional SDK (ARMV4I) = MemoryProfiler|Windows Mobile 6 Professional SDK (ARMV4I)
		MemoryProfiler|x64 = MemoryProfiler|x64
		Release_Debugger|Win32 = Release_Debugger|Win32
		Release_Debugger|Windows Mobile 6 Professional SDK (ARMV4I) = Release_Debugger|Windows Mobile 6 Professional SDK (ARMV4I)
		Release_Debugger|x64 = Release_Debugger|x64
		Release|Win32 = Release|Win32
		Release|Windows Mobile 6 Professional SDK (ARMV4I) = Release|Windows Mobile 6 Professional SDK (ARMV4I)
		Release|x64 = Release|x64
		VTune|Win32 = VTune|Win32
		VTune|Windows Mobile 6 Professional SDK (ARMV4I) = VTune|Windows Mobile 6 Professional SDK (ARMV4I)
		VTune|x64 = VTune|x64
	EndGlobalSection
	GlobalSection(ProjectConfigurationPlatforms) = postSolution
		{437E43D2-ED2D-406B-88DB-B5940F838AE9}.Debug_Debugger|Win32.ActiveCfg = Debug_Debugger|Win32
		{437E43D2-ED2D-406B-88DB-B5940F838AE9}.Debug_Debugger|Win32.Build.0 = Debug_Debugger|Win32
		{437E43D2-ED2D-406B-88DB-B5940F838AE9}.Debug_Debugger|Windows Mobile 6 Professional SDK (ARMV4I).ActiveCfg = Debug_Debugger|Windows Mobile 6 Professional SDK (ARMV4I)
		{437E43D2-ED2D-406B-88DB-B5940F838AE9}.Debug_Debugger|x64.ActiveCfg = Debug_Debugger|x64
		{437E43D2-ED2D-406B-88DB-B5940F838AE9}.Debug_Debugger|x64.Build.0 = Debug_Debugger|x64
		{437E43D2-ED2D-406B-88DB-B5940F838AE9}.Debug|Win32.ActiveCfg = Debug|Win32
		{437E43D2-ED2D-406B-88DB-B5940F838AE9}.Debug|Win32.Build.0 = Debug|Win32
		{437E43D2-ED2D-406B-88DB-B5940F838AE9}.Debug|Windows Mobile 6 Professional SDK (ARMV4I).ActiveCfg = Debug|Windows Mobile 6 Professional SDK (ARMV4I)
		{437E43D2-ED2D-406B-88DB-B5940F838AE9}.Debug|Windows Mobile 6 Professional SDK (ARMV4I).Build.0 = Debug|Windows Mobile 6 Professional SDK (ARMV4I)
		{437E43D2-ED2D-406B-88DB-B5940F838AE9}.Debug|Windows Mobile 6 Professional SDK (ARMV4I).Deploy.0 = Debug|Windows Mobile 6 Professional SDK (ARMV4I)
		{437E43D2-ED2D-406B-88DB-B5940F838AE9}.Debug|x64.ActiveCfg = Debug|x64
		{437E43D2-ED2D-406B-88DB-B5940F838AE9}.Debug|x64.Build.0 = Debug|x64
		{437E43D2-ED2D-406B-88DB-B5940F838AE9}.MemoryProfiler|Win32.ActiveCfg = MemoryProfiler|Win32
		{437E43D2-ED2D-406B-88DB-B5940F838AE9}.MemoryProfiler|Win32.Build.0 = MemoryProfiler|Win32
		{437E43D2-ED2D-406B-88DB-B5940F838AE9}.MemoryProfiler|Windows Mobile 6 Professional SDK (ARMV4I).ActiveCfg = MemoryProfiler|Windows Mobile 6 Professional SDK (ARMV4I)
		{437E43D2-ED2D-406B-88DB-B5940F838AE9}.MemoryProfiler|Windows Mobile 6 Professional SDK (ARMV4I).Build.0 = MemoryProfiler|Windows Mobile 6 Professional SDK (ARMV4I)
		{437E43D2-ED2D-406B-88DB-B5940F838AE9}.MemoryProfiler|Windows Mobile 6 Professional SDK (ARMV4I).Deploy.0 = MemoryProfiler|Windows Mobile 6 Professional SDK (ARMV4I)
		{437E43D2-ED2D-406B-88DB-B5940F838AE9}.MemoryProfiler|x64.ActiveCfg = MemoryProfiler|x64
		{437E43D2-ED2D-406B-88DB-B5940F838AE9}.MemoryProfiler|x64.Build.0 = MemoryProfiler|x64
		{437E43D2-ED2D-406B-88DB-B5940F838AE9}.Release_Debugger|Win32.ActiveCfg = Release_Debugger|Win32
		{437E43D2-ED2D-406B-88DB-B5940F838AE9}.Release_Debugger|Win32.Build.0 = Release_Debugger|Win32
		{437E43D2-ED2D-406B-88DB-B5940F838AE9}.Release_Debugger|Windows Mobile 6 Professional SDK (ARMV4I).ActiveCfg = Release_Debugger|Windows Mobile 6 Professional SDK (ARMV4I)
		{437E43D2-ED2D-406B-88DB-B5940F838AE9}.Release_Debugger|x64.ActiveCfg = Release_Debugger|x64
		{437E43D2-ED2D-406B-88DB-B5940F838AE9}.Release_Debugger|x64.Build.0 = Release_Debugger|x64
		{437E43D2-ED2D-406B-88DB-B5940F838AE9}.Release|Win32.ActiveCfg = Release|Win32
		{437E43D2-ED2D-406B-88DB-B5940F838AE9}.Release|Win32.Build.0 = Release|Win32
		{437E43D2-ED2D-406B-88DB-B5940F838AE9}.Release|Windows Mobile 6 Professional SDK (ARMV4I).ActiveCfg = Release|Windows Mobile 6 Professional SDK (ARMV4I)
		{437E43D2-ED2D-406B-88DB-B5940F838AE9}.Release|Windows Mobile 6 Professional SDK (ARMV4I).Build.0 = Release|Windows Mobile 6 Professional SDK (ARMV4I)
		{437E43D2-ED2D-406B-88DB-B5940F838AE9}.Release|Windows Mobile 6 Professional SDK (ARMV4I).Deploy.0 = Release|Windows Mobile 6 Professional SDK (ARMV4I)
		{437E43D2-ED2D-406B-88DB-B5940F838AE9}.Release|x64.ActiveCfg = Release|x64
		{437E43D2-ED2D-406B-88DB-B5940F838AE9}.Release|x64.Build.0 = Release|x64
		{437E43D2-ED2D-406B-88DB-B5940F838AE9}.VTune|Win32.ActiveCfg = VTune|Win32
		{437E43D2-ED2D-406B-88DB-B5940F838AE9}.VTune|Win32.Build.0 = VTune|Win32
		{437E43D2-ED2D-406B-88DB-B5940F838AE9}.VTune|Windows Mobile 6 Professional SDK (ARMV4I).ActiveCfg = VTune|Windows Mobile 6 Professional SDK (ARMV4I)
		{437E43D2-ED2D-406B-88DB-B5940F838AE9}.VTune|x64.ActiveCfg = VTune|x64
		{437E43D2-ED2D-406B-88DB-B5940F838AE9}.VTune|x64.Build.0 = VTune|x64
		{437E43D2-ED2D-406B-88DB-B5940F838AE8}.Debug_Debugger|Win32.ActiveCfg = Debug_Debugger|Win32
		{437E43D2-ED2D-406B-88DB-B5940F838AE8}.Debug_Debugger|Win32.Build.0 = Debug_Debugger|Win32
		{437E43D2-ED2D-406B-88DB-B5940F838AE8}.Debug_Debugger|Windows Mobile 6 Professional SDK (ARMV4I).ActiveCfg = Debug_Debugger|Windows Mobile 6 Professional SDK (ARMV4I)
		{437E43D2-ED2D-406B-88DB-B5940F838AE8}.Debug_Debugger|x64.ActiveCfg = Debug_Debugger|x64
		{437E43D2-ED2D-406B-88DB-B5940F838AE8}.Debug_Debugger|x64.Build.0 = Debug_Debugger|x64
		{437E43D2-ED2D-406B-88DB-B5940F838AE8}.Debug|Win32.ActiveCfg = Debug|Win32
		{437E43D2-ED2D-406B-88DB-B5940F838AE8}.Debug|Win32.Build.0 = Debug|Win32
		{437E43D2-ED2D-406B-88DB-B5940F838AE8}.Debug|Windows Mobile 6 Professional SDK (ARMV4I).ActiveCfg = Debug|Windows Mobile 6 Professional SDK (ARMV4I)
		{437E43D2-ED2D-406B-88DB-B5940F838AE8}.Debug|Windows Mobile 6 Professional SDK (ARMV4I).Build.0 = Debug|Windows Mobile 6 Professional SDK (ARMV4I)
		{437E43D2-ED2D-406B-88DB-B5940F838AE8}.Debug|x64.ActiveCfg = Debug|x64
		{437E43D2-ED2D-406B-88DB-B5940F838AE8}.Debug|x64.Build.0 = Debug|x64
		{437E43D2-ED2D-406B-88DB-B5940F838AE8}.MemoryProfiler|Win32.ActiveCfg = MemoryProfiler|Win32
		{437E43D2-ED2D-406B-88DB-B5940F838AE8}.MemoryProfiler|Win32.Build.0 = MemoryProfiler|Win32
		{437E43D2-ED2D-406B-88DB-B5940F838AE8}.MemoryProfiler|Windows Mobile 6 Professional SDK (ARMV4I).ActiveCfg = MemoryProfiler|Windows Mobile 6 Professional SDK (ARMV4I)
		{437E43D2-ED2D-406B-88DB-B5940F838AE8}.MemoryProfiler|Windows Mobile 6 Professional SDK (ARMV4I).Build.0 = MemoryProfiler|Windows Mobile 6 Professional SDK (ARMV4I)
		{437E43D2-ED2D-406B-88DB-B5940F838AE8}.MemoryProfiler|Windows Mobile 6 Professional SDK (ARMV4I).Deploy.0 = MemoryProfiler|Windows Mobile 6 Professional SDK (ARMV4I)
		{437E43D2-ED2D-406B-88DB-B5940F838AE8}.MemoryProfiler|x64.ActiveCfg = MemoryProfiler|x64
		{437E43D2-ED2D-406B-88DB-B5940F838AE8}.MemoryProfiler|x64.Build.0 = MemoryProfiler|x64
		{437E43D2-ED2D-406B-88DB-B5940F838AE8}.Release_Debugger|Win32.ActiveCfg = Release_Debugger|Win32
		{437E43D2-ED2D-406B-88DB-B5940F838AE8}.Release_Debugger|Win32.Build.0 = Release_Debugger|Win32
		{437E43D2-ED2D-406B-88DB-B5940F838AE8}.Release_Debugger|Windows Mobile 6 Professional SDK (ARMV4I).ActiveCfg = Release_Debugger|Windows Mobile 6 Professional SDK (ARMV4I)
		{437E43D2-ED2D-406B-88DB-B5940F838AE8}.Release_Debugger|x64.ActiveCfg = Release_Debugger|x64
		{437E43D2-ED2D-406B-88DB-B5940F838AE8}.Release_Debugger|x64.Build.0 = Release_Debugger|x64
		{437E43D2-ED2D-406B-88DB-B5940F838AE8}.Release|Win32.ActiveCfg = Release|Win32
		{437E43D2-ED2D-406B-88DB-B5940F838AE8}.Release|Win32.Build.0 = Release|Win32
		{437E43D2-ED2D-406B-88DB-B5940F838AE8}.Release|Windows Mobile 6 Professional SDK (ARMV4I).ActiveCfg = Release|Windows Mobile 6 Professional SDK (ARMV4I)
		{437E43D2-ED2D-406B-88DB-B5940F838AE8}.Release|Windows Mobile 6 Professional SDK (ARMV4I).Build.0 = Release|Windows Mobile 6 Professional SDK (ARMV4I)
		{437E43D2-ED2D-406B-88DB-B5940F838AE8}.Release|x64.ActiveCfg = Release|x64
		{437E43D2-ED2D-406B-88DB-B5940F838AE8}.Release|x64.Build.0 = Release|x64
		{437E43D2-ED2D-406B-88DB-B5940F838AE8}.VTune|Win32.ActiveCfg = VTune|Win32
		{437E43D2-ED2D-406B-88DB-B5940F838AE8}.VTune|Win32.Build.0 = VTune|Win32
		{437E43D2-ED2D-406B-88DB-B5940F838AE8}.VTune|Windows Mobile 6 Professional SDK (ARMV4I).ActiveCfg = VTune|Windows Mobile 6 Professional SDK (ARMV4I)
		{437E43D2-ED2D-406B-88DB-B5940F838AE8}.VTune|x64.ActiveCfg = VTune|x64
		{437E43D2-ED2D-406B-88DB-B5940F838AE8}.VTune|x64.Build.0 = VTune|x64
		{B004A8CC-B3A9-4600-A1A9-EF1BBCF2434B}.Debug_Debugger|Win32.ActiveCfg = Debug_Debugger|Win32
		{B004A8CC-B3A9-4600-A1A9-EF1BBCF2434B}.Debug_Debugger|Win32.Build.0 = Debug_Debugger|Win32
		{B004A8CC-B3A9-4600-A1A9-EF1BBCF2434B}.Debug_Debugger|Windows Mobile 6 Professional SDK (ARMV4I).ActiveCfg = Debug_Debugger|Win32
		{B004A8CC-B3A9-4600-A1A9-EF1BBCF2434B}.Debug_Debugger|x64.ActiveCfg = Debug_Debugger|x64
		{B004A8CC-B3A9-4600-A1A9-EF1BBCF2434B}.Debug_Debugger|x64.Build.0 = Debug_Debugger|x64
		{B004A8CC-B3A9-4600-A1A9-EF1BBCF2434B}.Debug|Win32.ActiveCfg = Debug|Win32
		{B004A8CC-B3A9-4600-A1A9-EF1BBCF2434B}.Debug|Win32.Build.0 = Debug|Win32
		{B004A8CC-B3A9-4600-A1A9-EF1BBCF2434B}.Debug|Windows Mobile 6 Professional SDK (ARMV4I).ActiveCfg = Debug|Windows Mobile 6 Professional SDK (ARMV4I)
		{B004A8CC-B3A9-4600-A1A9-EF1BBCF2434B}.Debug|Windows Mobile 6 Professional SDK (ARMV4I).Build.0 = Debug|Windows Mobile 6 Professional SDK (ARMV4I)
		{B004A8CC-B3A9-4600-A1A9-EF1BBCF2434B}.Debug|x64.ActiveCfg = Debug|x64
		{B004A8CC-B3A9-4600-A1A9-EF1BBCF2434B}.Debug|x64.Build.0 = Debug|x64
		{B004A8CC-B3A9-4600-A1A9-EF1BBCF2434B}.MemoryProfiler|Win32.ActiveCfg = MemoryProfiler|Win32
		{B004A8CC-B3A9-4600-A1A9-EF1BBCF2434B}.MemoryProfiler|Win32.Build.0 = MemoryProfiler|Win32
		{B004A8CC-B3A9-4600-A1A9-EF1BBCF2434B}.MemoryProfiler|Windows Mobile 6 Professional SDK (ARMV4I).ActiveCfg = MemoryProfiler|Win32
		{B004A8CC-B3A9-4600-A1A9-EF1BBCF2434B}.MemoryProfiler|x64.ActiveCfg = MemoryProfiler|x64
		{B004A8CC-B3A9-4600-A1A9-EF1BBCF2434B}.MemoryProfiler|x64.Build.0 = MemoryProfiler|x64
		{B004A8CC-B3A9-4600-A1A9-EF1BBCF2434B}.Release_Debugger|Win32.ActiveCfg = Release_Debugger|Win32
		{B004A8CC-B3A9-4600-A1A9-EF1BBCF2434B}.Release_Debugger|Win32.Build.0 = Release_Debugger|Win32
		{B004A8CC-B3A9-4600-A1A9-EF1BBCF2434B}.Release_Debugger|Windows Mobile 6 Professional SDK (ARMV4I).ActiveCfg = Release_Debugger|Win32
		{B004A8CC-B3A9-4600-A1A9-EF1BBCF2434B}.Release_Debugger|x64.ActiveCfg = Release_Debugger|x64
		{B004A8CC-B3A9-4600-A1A9-EF1BBCF2434B}.Release_Debugger|x64.Build.0 = Release_Debugger|x64
		{B004A8CC-B3A9-4600-A1A9-EF1BBCF2434B}.Release|Win32.ActiveCfg = Release|Win32
		{B004A8CC-B3A9-4600-A1A9-EF1BBCF2434B}.Release|Win32.Build.0 = Release|Win32
		{B004A8CC-B3A9-4600-A1A9-EF1BBCF2434B}.Release|Windows Mobile 6 Professional SDK (ARMV4I).ActiveCfg = Release|Windows Mobile 6 Professional SDK (ARMV4I)
		{B004A8CC-B3A9-4600-A1A9-EF1BBCF2434B}.Release|Windows Mobile 6 Professional SDK (ARMV4I).Build.0 = Release|Windows Mobile 6 Professional SDK (ARMV4I)
		{B004A8CC-B3A9-4600-A1A9-EF1BBCF2434B}.Release|x64.ActiveCfg = Release|x64
		{B004A8CC-B3A9-4600-A1A9-EF1BBCF2434B}.Release|x64.Build.0 = Release|x64
		{B004A8CC-B3A9-4600-A1A9-EF1BBCF2434B}.VTune|Win32.ActiveCfg = Release|Win32
		{B004A8CC-B3A9-4600-A1A9-EF1BBCF2434B}.VTune|Win32.Build.0 = Release|Win32
		{B004A8CC-B3A9-4600-A1A9-EF1BBCF2434B}.VTune|Windows Mobile 6 Professional SDK (ARMV4I).ActiveCfg = VTune|Win32
		{B004A8CC-B3A9-4600-A1A9-EF1BBCF2434B}.VTune|x64.ActiveCfg = Release|x64
		{B004A8CC-B3A9-4600-A1A9-EF1BBCF2434B}.VTune|x64.Build.0 = Release|x64
		{5A7E8ACA-065A-4456-BBD0-535691718FD0}.Debug_Debugger|Win32.ActiveCfg = Debug|Win32
		{5A7E8ACA-065A-4456-BBD0-535691718FD0}.Debug_Debugger|Win32.Build.0 = Debug|Win32
		{5A7E8ACA-065A-4456-BBD0-535691718FD0}.Debug_Debugger|Windows Mobile 6 Professional SDK (ARMV4I).ActiveCfg = Debug|Windows Mobile 6 Professional SDK (ARMV4I)
		{5A7E8ACA-065A-4456-BBD0-535691718FD0}.Debug_Debugger|Windows Mobile 6 Professional SDK (ARMV4I).Build.0 = Debug|Windows Mobile 6 Professional SDK (ARMV4I)
		{5A7E8ACA-065A-4456-BBD0-535691718FD0}.Debug_Debugger|x64.ActiveCfg = Debug|x64
		{5A7E8ACA-065A-4456-BBD0-535691718FD0}.Debug_Debugger|x64.Build.0 = Debug|x64
		{5A7E8ACA-065A-4456-BBD0-535691718FD0}.Debug|Win32.ActiveCfg = Debug|Win32
		{5A7E8ACA-065A-4456-BBD0-535691718FD0}.Debug|Win32.Build.0 = Debug|Win32
		{5A7E8ACA-065A-4456-BBD0-535691718FD0}.Debug|Windows Mobile 6 Professional SDK (ARMV4I).ActiveCfg = Debug|Windows Mobile 6 Professional SDK (ARMV4I)
		{5A7E8ACA-065A-4456-BBD0-535691718FD0}.Debug|Windows Mobile 6 Professional SDK (ARMV4I).Build.0 = Debug|Windows Mobile 6 Professional SDK (ARMV4I)
		{5A7E8ACA-065A-4456-BBD0-535691718FD0}.Debug|x64.ActiveCfg = Debug|x64
		{5A7E8ACA-065A-4456-BBD0-535691718FD0}.Debug|x64.Build.0 = Debug|x64
		{5A7E8ACA-065A-4456-BBD0-535691718FD0}.MemoryProfiler|Win32.ActiveCfg = MemoryProfiler|Win32
		{5A7E8ACA-065A-4456-BBD0-535691718FD0}.MemoryProfiler|Win32.Build.0 = MemoryProfiler|Win32
		{5A7E8ACA-065A-4456-BBD0-535691718FD0}.MemoryProfiler|Windows Mobile 6 Professional SDK (ARMV4I).ActiveCfg = MemoryProfiler|Windows Mobile 6 Professional SDK (ARMV4I)
		{5A7E8ACA-065A-4456-BBD0-535691718FD0}.MemoryProfiler|Windows Mobile 6 Professional SDK (ARMV4I).Build.0 = MemoryProfiler|Windows Mobile 6 Professional SDK (ARMV4I)
		{5A7E8ACA-065A-4456-BBD0-535691718FD0}.MemoryProfiler|Windows Mobile 6 Professional SDK (ARMV4I).Deploy.0 = MemoryProfiler|Windows Mobile 6 Professional SDK (ARMV4I)
		{5A7E8ACA-065A-4456-BBD0-535691718FD0}.MemoryProfiler|x64.ActiveCfg = MemoryProfiler|x64
		{5A7E8ACA-065A-4456-BBD0-535691718FD0}.MemoryProfiler|x64.Build.0 = MemoryProfiler|x64
		{5A7E8ACA-065A-4456-BBD0-535691718FD0}.Release_Debugger|Win32.ActiveCfg = Release|Win32
		{5A7E8ACA-065A-4456-BBD0-535691718FD0}.Release_Debugger|Win32.Build.0 = Release|Win32
		{5A7E8ACA-065A-4456-BBD0-535691718FD0}.Release_Debugger|Windows Mobile 6 Professional SDK (ARMV4I).ActiveCfg = Release|Windows Mobile 6 Professional SDK (ARMV4I)
		{5A7E8ACA-065A-4456-BBD0-535691718FD0}.Release_Debugger|Windows Mobile 6 Professional SDK (ARMV4I).Build.0 = Release|Windows Mobile 6 Professional SDK (ARMV4I)
		{5A7E8ACA-065A-4456-BBD0-535691718FD0}.Release_Debugger|x64.ActiveCfg = Release|x64
		{5A7E8ACA-065A-4456-BBD0-535691718FD0}.Release_Debugger|x64.Build.0 = Release|x64
		{5A7E8ACA-065A-4456-BBD0-535691718FD0}.Release|Win32.ActiveCfg = Release|Win32
		{5A7E8ACA-065A-4456-BBD0-535691718FD0}.Release|Win32.Build.0 = Release|Win32
		{5A7E8ACA-065A-4456-BBD0-535691718FD0}.Release|Windows Mobile 6 Professional SDK (ARMV4I).ActiveCfg = Release|Windows Mobile 6 Professional SDK (ARMV4I)
		{5A7E8ACA-065A-4456-BBD0-535691718FD0}.Release|Windows Mobile 6 Professional SDK (ARMV4I).Build.0 = Release|Windows Mobile 6 Professional SDK (ARMV4I)
		{5A7E8ACA-065A-4456-BBD0-535691718FD0}.Release|x64.ActiveCfg = Release|x64
		{5A7E8ACA-065A-4456-BBD0-535691718FD0}.Release|x64.Build.0 = Release|x64
		{5A7E8ACA-065A-4456-BBD0-535691718FD0}.VTune|Win32.ActiveCfg = Release|Win32
		{5A7E8ACA-065A-4456-BBD0-535691718FD0}.VTune|Win32.Build.0 = Release|Win32
		{5A7E8ACA-065A-4456-BBD0-535691718FD0}.VTune|Windows Mobile 6 Professional SDK (ARMV4I).ActiveCfg = Release|Windows Mobile 6 Professional SDK (ARMV4I)
		{5A7E8ACA-065A-4456-BBD0-535691718FD0}.VTune|x64.ActiveCfg = Release|x64
		{5A7E8ACA-065A-4456-BBD0-535691718FD0}.VTune|x64.Build.0 = Release|x64
		{7E408248-3BAA-45AE-B65A-5355113A1FF8}.Debug_Debugger|Win32.ActiveCfg = Debug_Debugger|Win32
		{7E408248-3BAA-45AE-B65A-5355113A1FF8}.Debug_Debugger|Win32.Build.0 = Debug_Debugger|Win32
		{7E408248-3BAA-45AE-B65A-5355113A1FF8}.Debug_Debugger|Windows Mobile 6 Professional SDK (ARMV4I).ActiveCfg = Debug_Debugger|Windows Mobile 6 Professional SDK (ARMV4I)
		{7E408248-3BAA-45AE-B65A-5355113A1FF8}.Debug_Debugger|Windows Mobile 6 Professional SDK (ARMV4I).Build.0 = Debug_Debugger|Windows Mobile 6 Professional SDK (ARMV4I)
		{7E408248-3BAA-45AE-B65A-5355113A1FF8}.Debug_Debugger|Windows Mobile 6 Professional SDK (ARMV4I).Deploy.0 = Debug_Debugger|Windows Mobile 6 Professional SDK (ARMV4I)
		{7E408248-3BAA-45AE-B65A-5355113A1FF8}.Debug_Debugger|x64.ActiveCfg = Debug_Debugger|x64
		{7E408248-3BAA-45AE-B65A-5355113A1FF8}.Debug_Debugger|x64.Build.0 = Debug_Debugger|x64
		{7E408248-3BAA-45AE-B65A-5355113A1FF8}.Debug|Win32.ActiveCfg = Debug|Win32
		{7E408248-3BAA-45AE-B65A-5355113A1FF8}.Debug|Win32.Build.0 = Debug|Win32
		{7E408248-3BAA-45AE-B65A-5355113A1FF8}.Debug|Windows Mobile 6 Professional SDK (ARMV4I).ActiveCfg = Debug|Windows Mobile 6 Professional SDK (ARMV4I)
		{7E408248-3BAA-45AE-B65A-5355113A1FF8}.Debug|Windows Mobile 6 Professional SDK (ARMV4I).Build.0 = Debug|Windows Mobile 6 Professional SDK (ARMV4I)
		{7E408248-3BAA-45AE-B65A-5355113A1FF8}.Debug|x64.ActiveCfg = Debug|x64
		{7E408248-3BAA-45AE-B65A-5355113A1FF8}.Debug|x64.Build.0 = Debug|x64
		{7E408248-3BAA-45AE-B65A-5355113A1FF8}.MemoryProfiler|Win32.ActiveCfg = MemoryProfiler|Win32
		{7E408248-3BAA-45AE-B65A-5355113A1FF8}.MemoryProfiler|Win32.Build.0 = MemoryProfiler|Win32
		{7E408248-3BAA-45AE-B65A-5355113A1FF8}.MemoryProfiler|Windows Mobile 6 Professional SDK (ARMV4I).ActiveCfg = MemoryProfiler|Windows Mobile 6 Professional SDK (ARMV4I)
		{7E408248-3BAA-45AE-B65A-5355113A1FF8}.MemoryProfiler|Windows Mobile 6 Professional SDK (ARMV4I).Build.0 = MemoryProfiler|Windows Mobile 6 Professional SDK (ARMV4I)
		{7E408248-3BAA-45AE-B65A-5355113A1FF8}.MemoryProfiler|Windows Mobile 6 Professional SDK (ARMV4I).Deploy.0 = MemoryProfiler|Windows Mobile 6 Professional SDK (ARMV4I)
		{7E408248-3BAA-45AE-B65A-5355113A1FF8}.MemoryProfiler|x64.ActiveCfg = MemoryProfiler|x64
		{7E408248-3BAA-45AE-B65A-5355113A1FF8}.MemoryProfiler|x64.Build.0 = MemoryProfiler|x64
		{7E408248-3BAA-45AE-B65A-5355113A1FF8}.Release_Debugger|Win32.ActiveCfg = Release_Debugger|Win32
		{7E408248-3BAA-45AE-B65A-5355113A1FF8}.Release_Debugger|Win32.Build.0 = Release_Debugger|Win32
		{7E408248-3BAA-45AE-B65A-5355113A1FF8}.Release_Debugger|Windows Mobile 6 Professional SDK (ARMV4I).ActiveCfg = Release_Debugger|Windows Mobile 6 Professional SDK (ARMV4I)
		{7E408248-3BAA-45AE-B65A-5355113A1FF8}.Release_Debugger|Windows Mobile 6 Professional SDK (ARMV4I).Build.0 = Release_Debugger|Windows Mobile 6 Professional SDK (ARMV4I)
		{7E408248-3BAA-45AE-B65A-5355113A1FF8}.Release_Debugger|Windows Mobile 6 Professional SDK (ARMV4I).Deploy.0 = Release_Debugger|Windows Mobile 6 Professional SDK (ARMV4I)
		{7E408248-3BAA-45AE-B65A-5355113A1FF8}.Release_Debugger|x64.ActiveCfg = Release_Debugger|x64
		{7E408248-3BAA-45AE-B65A-5355113A1FF8}.Release_Debugger|x64.Build.0 = Release_Debugger|x64
		{7E408248-3BAA-45AE-B65A-5355113A1FF8}.Release|Win32.ActiveCfg = Release|Win32
		{7E408248-3BAA-45AE-B65A-5355113A1FF8}.Release|Win32.Build.0 = Release|Win32
		{7E408248-3BAA-45AE-B65A-5355113A1FF8}.Release|Windows Mobile 6 Professional SDK (ARMV4I).ActiveCfg = Release|Windows Mobile 6 Professional SDK (ARMV4I)
		{7E408248-3BAA-45AE-B65A-5355113A1FF8}.Release|Windows Mobile 6 Professional SDK (ARMV4I).Build.0 = Release|Windows Mobile 6 Professional SDK (ARMV4I)
		{7E408248-3BAA-45AE-B65A-5355113A1FF8}.Release|x64.ActiveCfg = Release|x64
		{7E408248-3BAA-45AE-B65A-5355113A1FF8}.Release|x64.Build.0 = Release|x64
		{7E408248-3BAA-45AE-B65A-5355113A1FF8}.VTune|Win32.ActiveCfg = VTune|Win32
		{7E408248-3BAA-45AE-B65A-5355113A1FF8}.VTune|Win32.Build.0 = VTune|Win32
		{7E408248-3BAA-45AE-B65A-5355113A1FF8}.VTune|Windows Mobile 6 Professional SDK (ARMV4I).ActiveCfg = VTune|Windows Mobile 6 Professional SDK (ARMV4I)
		{7E408248-3BAA-45AE-B65A-5355113A1FF8}.VTune|Windows Mobile 6 Professional SDK (ARMV4I).Build.0 = VTune|Windows Mobile 6 Professional SDK (ARMV4I)
		{7E408248-3BAA-45AE-B65A-5355113A1FF8}.VTune|Windows Mobile 6 Professional SDK (ARMV4I).Deploy.0 = VTune|Windows Mobile 6 Professional SDK (ARMV4I)
		{7E408248-3BAA-45AE-B65A-5355113A1FF8}.VTune|x64.ActiveCfg = VTune|x64
		{7E408248-3BAA-45AE-B65A-5355113A1FF8}.VTune|x64.Build.0 = VTune|x64
		{AAEFC4E3-287B-4DD5-B668-DE084BC8041A}.Debug_Debugger|Win32.ActiveCfg = Debug_Debugger|Win32
		{AAEFC4E3-287B-4DD5-B668-DE084BC8041A}.Debug_Debugger|Win32.Build.0 = Debug_Debugger|Win32
		{AAEFC4E3-287B-4DD5-B668-DE084BC8041A}.Debug_Debugger|Windows Mobile 6 Professional SDK (ARMV4I).ActiveCfg = Debug_Debugger|Windows Mobile 6 Professional SDK (ARMV4I)
		{AAEFC4E3-287B-4DD5-B668-DE084BC8041A}.Debug_Debugger|Windows Mobile 6 Professional SDK (ARMV4I).Deploy.0 = Debug_Debugger|Windows Mobile 6 Professional SDK (ARMV4I)
		{AAEFC4E3-287B-4DD5-B668-DE084BC8041A}.Debug_Debugger|x64.ActiveCfg = Debug_Debugger|x64
		{AAEFC4E3-287B-4DD5-B668-DE084BC8041A}.Debug_Debugger|x64.Build.0 = Debug_Debugger|x64
		{AAEFC4E3-287B-4DD5-B668-DE084BC8041A}.Debug|Win32.ActiveCfg = Debug|Win32
		{AAEFC4E3-287B-4DD5-B668-DE084BC8041A}.Debug|Win32.Build.0 = Debug|Win32
		{AAEFC4E3-287B-4DD5-B668-DE084BC8041A}.Debug|Windows Mobile 6 Professional SDK (ARMV4I).ActiveCfg = Debug|Windows Mobile 6 Professional SDK (ARMV4I)
		{AAEFC4E3-287B-4DD5-B668-DE084BC8041A}.Debug|Windows Mobile 6 Professional SDK (ARMV4I).Build.0 = Debug|Windows Mobile 6 Professional SDK (ARMV4I)
		{AAEFC4E3-287B-4DD5-B668-DE084BC8041A}.Debug|x64.ActiveCfg = Debug|x64
		{AAEFC4E3-287B-4DD5-B668-DE084BC8041A}.Debug|x64.Build.0 = Debug|x64
		{AAEFC4E3-287B-4DD5-B668-DE084BC8041A}.MemoryProfiler|Win32.ActiveCfg = MemoryProfiler|Win32
		{AAEFC4E3-287B-4DD5-B668-DE084BC8041A}.MemoryProfiler|Win32.Build.0 = MemoryProfiler|Win32
		{AAEFC4E3-287B-4DD5-B668-DE084BC8041A}.MemoryProfiler|Windows Mobile 6 Professional SDK (ARMV4I).ActiveCfg = MemoryProfiler|Windows Mobile 6 Professional SDK (ARMV4I)
		{AAEFC4E3-287B-4DD5-B668-DE084BC8041A}.MemoryProfiler|Windows Mobile 6 Professional SDK (ARMV4I).Build.0 = MemoryProfiler|Windows Mobile 6 Professional SDK (ARMV4I)
		{AAEFC4E3-287B-4DD5-B668-DE084BC8041A}.MemoryProfiler|Windows Mobile 6 Professional SDK (ARMV4I).Deploy.0 = MemoryProfiler|Windows Mobile 6 Professional SDK (ARMV4I)
		{AAEFC4E3-287B-4DD5-B668-DE084BC8041A}.MemoryProfiler|x64.ActiveCfg = MemoryProfiler|x64
		{AAEFC4E3-287B-4DD5-B668-DE084BC8041A}.MemoryProfiler|x64.Build.0 = MemoryProfiler|x64
		{AAEFC4E3-287B-4DD5-B668-DE084BC8041A}.Release_Debugger|Win32.ActiveCfg = Release_Debugger|Win32
		{AAEFC4E3-287B-4DD5-B668-DE084BC8041A}.Release_Debugger|Win32.Build.0 = Release_Debugger|Win32
		{AAEFC4E3-287B-4DD5-B668-DE084BC8041A}.Release_Debugger|Windows Mobile 6 Professional SDK (ARMV4I).ActiveCfg = Release_Debugger|Windows Mobile 6 Professional SDK (ARMV4I)
		{AAEFC4E3-287B-4DD5-B668-DE084BC8041A}.Release_Debugger|Windows Mobile 6 Professional SDK (ARMV4I).Build.0 = Release_Debugger|Windows Mobile 6 Professional SDK (ARMV4I)
		{AAEFC4E3-287B-4DD5-B668-DE084BC8041A}.Release_Debugger|Windows Mobile 6 Professional SDK (ARMV4I).Deploy.0 = Release_Debugger|Windows Mobile 6 Professional SDK (ARMV4I)
		{AAEFC4E3-287B-4DD5-B668-DE084BC8041A}.Release_Debugger|x64.ActiveCfg = Release_Debugger|x64
		{AAEFC4E3-287B-4DD5-B668-DE084BC8041A}.Release_Debugger|x64.Build.0 = Release_Debugger|x64
		{AAEFC4E3-287B-4DD5-B668-DE084BC8041A}.Release|Win32.ActiveCfg = Release|Win32
		{AAEFC4E3-287B-4DD5-B668-DE084BC8041A}.Release|Win32.Build.0 = Release|Win32
		{AAEFC4E3-287B-4DD5-B668-DE084BC8041A}.Release|Windows Mobile 6 Professional SDK (ARMV4I).ActiveCfg = Release|Windows Mobile 6 Professional SDK (ARMV4I)
		{AAEFC4E3-287B-4DD5-B668-DE084BC8041A}.Release|Windows Mobile 6 Professional SDK (ARMV4I).Build.0 = Release|Windows Mobile 6 Professional SDK (ARMV4I)
		{AAEFC4E3-287B-4DD5-B668-DE084BC8041A}.Release|x64.ActiveCfg = Release|x64
		{AAEFC4E3-287B-4DD5-B668-DE084BC8041A}.Release|x64.Build.0 = Release|x64
		{AAEFC4E3-287B-4DD5-B668-DE084BC8041A}.VTune|Win32.ActiveCfg = VTune|Win32
		{AAEFC4E3-287B-4DD5-B668-DE084BC8041A}.VTune|Win32.Build.0 = VTune|Win32
		{AAEFC4E3-287B-4DD5-B668-DE084BC8041A}.VTune|Windows Mobile 6 Professional SDK (ARMV4I).ActiveCfg = VTune|Windows Mobile 6 Professional SDK (ARMV4I)
		{AAEFC4E3-287B-4DD5-B668-DE084BC8041A}.VTune|Windows Mobile 6 Professional SDK (ARMV4I).Build.0 = VTune|Windows Mobile 6 Professional SDK (ARMV4I)
		{AAEFC4E3-287B-4DD5-B668-DE084BC8041A}.VTune|Windows Mobile 6 Professional SDK (ARMV4I).Deploy.0 = VTune|Windows Mobile 6 Professional SDK (ARMV4I)
		{AAEFC4E3-287B-4DD5-B668-DE084BC8041A}.VTune|x64.ActiveCfg = VTune|x64
		{AAEFC4E3-287B-4DD5-B668-DE084BC8041A}.VTune|x64.Build.0 = VTune|x64
		{D3749430-CDC4-46C2-9428-6276390A4749}.Debug_Debugger|Win32.ActiveCfg = Debug|Win32
		{D3749430-CDC4-46C2-9428-6276390A4749}.Debug_Debugger|Win32.Build.0 = Debug|Win32
		{D3749430-CDC4-46C2-9428-6276390A4749}.Debug_Debugger|Windows Mobile 6 Professional SDK (ARMV4I).ActiveCfg = Debug|Win32
		{D3749430-CDC4-46C2-9428-6276390A4749}.Debug_Debugger|x64.ActiveCfg = Debug|x64
		{D3749430-CDC4-46C2-9428-6276390A4749}.Debug_Debugger|x64.Build.0 = Debug|x64
		{D3749430-CDC4-46C2-9428-6276390A4749}.Debug|Win32.ActiveCfg = Debug|Win32
		{D3749430-CDC4-46C2-9428-6276390A4749}.Debug|Win32.Build.0 = Debug|Win32
		{D3749430-CDC4-46C2-9428-6276390A4749}.Debug|Windows Mobile 6 Professional SDK (ARMV4I).ActiveCfg = Debug|Win32
		{D3749430-CDC4-46C2-9428-6276390A4749}.Debug|x64.ActiveCfg = Debug|x64
		{D3749430-CDC4-46C2-9428-6276390A4749}.Debug|x64.Build.0 = Debug|x64
		{D3749430-CDC4-46C2-9428-6276390A4749}.MemoryProfiler|Win32.ActiveCfg = MemoryProfiler|Win32
		{D3749430-CDC4-46C2-9428-6276390A4749}.MemoryProfiler|Win32.Build.0 = MemoryProfiler|Win32
		{D3749430-CDC4-46C2-9428-6276390A4749}.MemoryProfiler|Windows Mobile 6 Professional SDK (ARMV4I).ActiveCfg = MemoryProfiler|Win32
		{D3749430-CDC4-46C2-9428-6276390A4749}.MemoryProfiler|x64.ActiveCfg = MemoryProfiler|x64
		{D3749430-CDC4-46C2-9428-6276390A4749}.MemoryProfiler|x64.Build.0 = MemoryProfiler|x64
		{D3749430-CDC4-46C2-9428-6276390A4749}.Release_Debugger|Win32.ActiveCfg = Release|Win32
		{D3749430-CDC4-46C2-9428-6276390A4749}.Release_Debugger|Win32.Build.0 = Release|Win32
		{D3749430-CDC4-46C2-9428-6276390A4749}.Release_Debugger|Windows Mobile 6 Professional SDK (ARMV4I).ActiveCfg = Release|Win32
		{D3749430-CDC4-46C2-9428-6276390A4749}.Release_Debugger|x64.ActiveCfg = Release|x64
		{D3749430-CDC4-46C2-9428-6276390A4749}.Release_Debugger|x64.Build.0 = Release|x64
		{D3749430-CDC4-46C2-9428-6276390A4749}.Release|Win32.ActiveCfg = Release|Win32
		{D3749430-CDC4-46C2-9428-6276390A4749}.Release|Win32.Build.0 = Release|Win32
		{D3749430-CDC4-46C2-9428-6276390A4749}.Release|Windows Mobile 6 Professional SDK (ARMV4I).ActiveCfg = Release|Win32
		{D3749430-CDC4-46C2-9428-6276390A4749}.Release|x64.ActiveCfg = Release|x64
		{D3749430-CDC4-46C2-9428-6276390A4749}.Release|x64.Build.0 = Release|x64
		{D3749430-CDC4-46C2-9428-6276390A4749}.VTune|Win32.ActiveCfg = MemoryProfiler|Win32
		{D3749430-CDC4-46C2-9428-6276390A4749}.VTune|Win32.Build.0 = MemoryProfiler|Win32
		{D3749430-CDC4-46C2-9428-6276390A4749}.VTune|Windows Mobile 6 Professional SDK (ARMV4I).ActiveCfg = MemoryProfiler|Win32
		{D3749430-CDC4-46C2-9428-6276390A4749}.VTune|x64.ActiveCfg = Release|x64
		{D3749430-CDC4-46C2-9428-6276390A4749}.VTune|x64.Build.0 = Release|x64
	EndGlobalSection
	GlobalSection(SolutionProperties) = preSolution
		HideSolutionNode = FALSE
	EndGlobalSection
EndGlobal
