
Microsoft Visual Studio Solution File, Format Version 10.00
# Visual Studio 2008
Project("{8BC9CEB8-8B4A-11D0-8D11-00A0C91BC942}") = "ceremoteshell", "ceremoteshell\ceremoteshell2008.vcproj", "{D1AF6915-4AA4-4F3B-9E3E-7CC61317F565}"
	ProjectSection(ProjectDependencies) = postProject
		{4EADBC60-AA1D-41B1-859C-BE6F1511C4EF} = {4EADBC60-AA1D-41B1-859C-BE6F1511C4EF}
	EndProjectSection
EndProject
Project("{8BC9CEB8-8B4A-11D0-8D11-00A0C91BC942}") = "avmremote", "avmremote\avmremote2008.vcproj", "{4EADBC60-AA1D-41B1-859C-BE6F1511C4EF}"
EndProject
Project("{8BC9CEB8-8B4A-11D0-8D11-00A0C91BC942}") = "ceremotedeployer", "ceremotedeployer\ceremotedeployer2008.vcproj", "{769D1ED9-9217-4549-842A-A28A69DB1AA4}"
EndProject
Project("{8BC9CEB8-8B4A-11D0-8D11-00A0C91BC942}") = "wmrunner", "wmrunner\wmrunner.vcproj", "{16AC154D-92E8-42EF-8285-12D16411115B}"
EndProject
Global
	GlobalSection(SolutionConfigurationPlatforms) = preSolution
		Debug|Mixed Platforms = Debug|Mixed Platforms
		Debug|Win32 = Debug|Win32
		Debug|Windows Mobile 6 Professional SDK (ARMV4I) = Debug|Windows Mobile 6 Professional SDK (ARMV4I)
		Release|Mixed Platforms = Release|Mixed Platforms
		Release|Win32 = Release|Win32
		Release|Windows Mobile 6 Professional SDK (ARMV4I) = Release|Windows Mobile 6 Professional SDK (ARMV4I)
	EndGlobalSection
	GlobalSection(ProjectConfigurationPlatforms) = postSolution
		{D1AF6915-4AA4-4F3B-9E3E-7CC61317F565}.Debug|Mixed Platforms.ActiveCfg = Debug|Win32
		{D1AF6915-4AA4-4F3B-9E3E-7CC61317F565}.Debug|Mixed Platforms.Build.0 = Debug|Win32
		{D1AF6915-4AA4-4F3B-9E3E-7CC61317F565}.Debug|Win32.ActiveCfg = Debug|Win32
		{D1AF6915-4AA4-4F3B-9E3E-7CC61317F565}.Debug|Win32.Build.0 = Debug|Win32
		{D1AF6915-4AA4-4F3B-9E3E-7CC61317F565}.Debug|Windows Mobile 6 Professional SDK (ARMV4I).ActiveCfg = Debug|Win32
		{D1AF6915-4AA4-4F3B-9E3E-7CC61317F565}.Release|Mixed Platforms.ActiveCfg = Release|Win32
		{D1AF6915-4AA4-4F3B-9E3E-7CC61317F565}.Release|Mixed Platforms.Build.0 = Release|Win32
		{D1AF6915-4AA4-4F3B-9E3E-7CC61317F565}.Release|Win32.ActiveCfg = Release|Win32
		{D1AF6915-4AA4-4F3B-9E3E-7CC61317F565}.Release|Win32.Build.0 = Release|Win32
		{D1AF6915-4AA4-4F3B-9E3E-7CC61317F565}.Release|Windows Mobile 6 Professional SDK (ARMV4I).ActiveCfg = Release|Win32
		{4EADBC60-AA1D-41B1-859C-BE6F1511C4EF}.Debug|Mixed Platforms.ActiveCfg = Debug|Windows Mobile 6 Professional SDK (ARMV4I)
		{4EADBC60-AA1D-41B1-859C-BE6F1511C4EF}.Debug|Mixed Platforms.Build.0 = Debug|Windows Mobile 6 Professional SDK (ARMV4I)
		{4EADBC60-AA1D-41B1-859C-BE6F1511C4EF}.Debug|Mixed Platforms.Deploy.0 = Debug|Windows Mobile 6 Professional SDK (ARMV4I)
		{4EADBC60-AA1D-41B1-859C-BE6F1511C4EF}.Debug|Win32.ActiveCfg = Debug|Windows Mobile 5.0 Smartphone SDK (ARMV4I)
		{4EADBC60-AA1D-41B1-859C-BE6F1511C4EF}.Debug|Windows Mobile 6 Professional SDK (ARMV4I).ActiveCfg = Debug|Windows Mobile 6 Professional SDK (ARMV4I)
		{4EADBC60-AA1D-41B1-859C-BE6F1511C4EF}.Debug|Windows Mobile 6 Professional SDK (ARMV4I).Build.0 = Debug|Windows Mobile 6 Professional SDK (ARMV4I)
		{4EADBC60-AA1D-41B1-859C-BE6F1511C4EF}.Debug|Windows Mobile 6 Professional SDK (ARMV4I).Deploy.0 = Debug|Windows Mobile 6 Professional SDK (ARMV4I)
		{4EADBC60-AA1D-41B1-859C-BE6F1511C4EF}.Release|Mixed Platforms.ActiveCfg = Release|Windows Mobile 6 Professional SDK (ARMV4I)
		{4EADBC60-AA1D-41B1-859C-BE6F1511C4EF}.Release|Mixed Platforms.Build.0 = Release|Windows Mobile 6 Professional SDK (ARMV4I)
		{4EADBC60-AA1D-41B1-859C-BE6F1511C4EF}.Release|Mixed Platforms.Deploy.0 = Release|Windows Mobile 6 Professional SDK (ARMV4I)
		{4EADBC60-AA1D-41B1-859C-BE6F1511C4EF}.Release|Win32.ActiveCfg = Release|Windows Mobile 5.0 Smartphone SDK (ARMV4I)
		{4EADBC60-AA1D-41B1-859C-BE6F1511C4EF}.Release|Windows Mobile 6 Professional SDK (ARMV4I).ActiveCfg = Release|Windows Mobile 6 Professional SDK (ARMV4I)
		{4EADBC60-AA1D-41B1-859C-BE6F1511C4EF}.Release|Windows Mobile 6 Professional SDK (ARMV4I).Build.0 = Release|Windows Mobile 6 Professional SDK (ARMV4I)
		{4EADBC60-AA1D-41B1-859C-BE6F1511C4EF}.Release|Windows Mobile 6 Professional SDK (ARMV4I).Deploy.0 = Release|Windows Mobile 6 Professional SDK (ARMV4I)
		{769D1ED9-9217-4549-842A-A28A69DB1AA4}.Debug|Mixed Platforms.ActiveCfg = Debug|Win32
		{769D1ED9-9217-4549-842A-A28A69DB1AA4}.Debug|Mixed Platforms.Build.0 = Debug|Win32
		{769D1ED9-9217-4549-842A-A28A69DB1AA4}.Debug|Win32.ActiveCfg = Debug|Win32
		{769D1ED9-9217-4549-842A-A28A69DB1AA4}.Debug|Win32.Build.0 = Debug|Win32
		{769D1ED9-9217-4549-842A-A28A69DB1AA4}.Debug|Windows Mobile 6 Professional SDK (ARMV4I).ActiveCfg = Debug|Win32
		{769D1ED9-9217-4549-842A-A28A69DB1AA4}.Release|Mixed Platforms.ActiveCfg = Release|Win32
		{769D1ED9-9217-4549-842A-A28A69DB1AA4}.Release|Mixed Platforms.Build.0 = Release|Win32
		{769D1ED9-9217-4549-842A-A28A69DB1AA4}.Release|Win32.ActiveCfg = Release|Win32
		{769D1ED9-9217-4549-842A-A28A69DB1AA4}.Release|Win32.Build.0 = Release|Win32
		{769D1ED9-9217-4549-842A-A28A69DB1AA4}.Release|Windows Mobile 6 Professional SDK (ARMV4I).ActiveCfg = Release|Win32
		{16AC154D-92E8-42EF-8285-12D16411115B}.Debug|Mixed Platforms.ActiveCfg = Debug|Windows Mobile 6 Professional SDK (ARMV4I)
		{16AC154D-92E8-42EF-8285-12D16411115B}.Debug|Mixed Platforms.Build.0 = Debug|Windows Mobile 6 Professional SDK (ARMV4I)
		{16AC154D-92E8-42EF-8285-12D16411115B}.Debug|Mixed Platforms.Deploy.0 = Debug|Windows Mobile 6 Professional SDK (ARMV4I)
		{16AC154D-92E8-42EF-8285-12D16411115B}.Debug|Win32.ActiveCfg = Debug|Windows Mobile 6 Professional SDK (ARMV4I)
		{16AC154D-92E8-42EF-8285-12D16411115B}.Debug|Windows Mobile 6 Professional SDK (ARMV4I).ActiveCfg = Debug|Windows Mobile 6 Professional SDK (ARMV4I)
		{16AC154D-92E8-42EF-8285-12D16411115B}.Debug|Windows Mobile 6 Professional SDK (ARMV4I).Build.0 = Debug|Windows Mobile 6 Professional SDK (ARMV4I)
		{16AC154D-92E8-42EF-8285-12D16411115B}.Debug|Windows Mobile 6 Professional SDK (ARMV4I).Deploy.0 = Debug|Windows Mobile 6 Professional SDK (ARMV4I)
		{16AC154D-92E8-42EF-8285-12D16411115B}.Release|Mixed Platforms.ActiveCfg = Release|Windows Mobile 6 Professional SDK (ARMV4I)
		{16AC154D-92E8-42EF-8285-12D16411115B}.Release|Mixed Platforms.Build.0 = Release|Windows Mobile 6 Professional SDK (ARMV4I)
		{16AC154D-92E8-42EF-8285-12D16411115B}.Release|Mixed Platforms.Deploy.0 = Release|Windows Mobile 6 Professional SDK (ARMV4I)
		{16AC154D-92E8-42EF-8285-12D16411115B}.Release|Win32.ActiveCfg = Release|Windows Mobile 6 Professional SDK (ARMV4I)
		{16AC154D-92E8-42EF-8285-12D16411115B}.Release|Windows Mobile 6 Professional SDK (ARMV4I).ActiveCfg = Release|Windows Mobile 6 Professional SDK (ARMV4I)
		{16AC154D-92E8-42EF-8285-12D16411115B}.Release|Windows Mobile 6 Professional SDK (ARMV4I).Build.0 = Release|Windows Mobile 6 Professional SDK (ARMV4I)
		{16AC154D-92E8-42EF-8285-12D16411115B}.Release|Windows Mobile 6 Professional SDK (ARMV4I).Deploy.0 = Release|Windows Mobile 6 Professional SDK (ARMV4I)
	EndGlobalSection
	GlobalSection(SolutionProperties) = preSolution
		HideSolutionNode = FALSE
	EndGlobalSection
EndGlobal
